{
    "name": "pixi-scenegraph",
    "version": "1.9.0",
    "lockfileVersion": 1,
    "requires": true,
    "dependencies": {
        "@pixi/accessibility": {
            "version": "6.0.0",
            "resolved": "https://registry.npmjs.org/@pixi/accessibility/-/accessibility-6.0.0.tgz",
            "integrity": "sha512-AuwFGRUF7I+D3B1FJKJq8j6bkgWLpJEdwqY8NxnmRTgQXh/XkiXtkZp4Iiinh3ivoCs6xdfz/p7ekOyHfFdZ0Q==",
            "requires": {
                "@pixi/canvas-renderer": "6.0.0",
                "@pixi/core": "6.0.0",
                "@pixi/display": "6.0.0",
                "@pixi/utils": "6.0.0"
            }
        },
        "@pixi/app": {
            "version": "6.0.0",
            "resolved": "https://registry.npmjs.org/@pixi/app/-/app-6.0.0.tgz",
            "integrity": "sha512-axT7HgVHbjzgiy2xuilBDNmivQz3Nm+ZLjU9hiK6iVWp7tOkCTP7VZg5JW4VWiTQrc3GiJLY9FaRb6vxDV3+Gw==",
            "requires": {
                "@pixi/core": "6.0.0",
                "@pixi/display": "6.0.0"
            }
        },
        "@pixi/canvas-renderer": {
            "version": "6.0.0",
            "resolved": "https://registry.npmjs.org/@pixi/canvas-renderer/-/canvas-renderer-6.0.0.tgz",
            "integrity": "sha512-KKh1AsKuk91QLgGbsngUZA4Ig1hZsRoxS13N0eXw+mJfuHag5pARAeZvn/6kc7xJAqX/p+n6GNtOq85PK6FiQg==",
            "requires": {
                "@pixi/constants": "6.0.0",
                "@pixi/core": "6.0.0",
                "@pixi/math": "6.0.0",
                "@pixi/settings": "6.0.0",
                "@pixi/utils": "6.0.0"
            }
        },
        "@pixi/compressed-textures": {
            "version": "6.0.0",
            "resolved": "https://registry.npmjs.org/@pixi/compressed-textures/-/compressed-textures-6.0.0.tgz",
            "integrity": "sha512-K6uEpd0RinapAyuMQGdj+PtHV5eD93zGo9rgxLEpjNlAZMQdtvHrsE+jBGu7LPxJLTs6P72BOajTp9tTkXLBkA==",
            "requires": {
                "@pixi/constants": "6.0.0",
                "@pixi/core": "6.0.0",
                "@pixi/loaders": "6.0.0"
            }
        },
        "@pixi/constants": {
            "version": "6.0.0",
            "resolved": "https://registry.npmjs.org/@pixi/constants/-/constants-6.0.0.tgz",
            "integrity": "sha512-/ZvzxkYjnSOvMhAuGEzSHJ7pgxQ/6VfWyxzYhbZ9U8YRxnU4D5l2MKGIe5XpAMHEFD10t0mYzIC9tMoCrdlBGg=="
        },
        "@pixi/core": {
            "version": "6.0.0",
            "resolved": "https://registry.npmjs.org/@pixi/core/-/core-6.0.0.tgz",
            "integrity": "sha512-hOvl0aLG1nYYw2OzUY1Xot38vnrQl5eshIcfqMjUHmuescwedNPXE7cO7zAiMEW1bdAJMmQ5gT4RVMZTKUx3fg==",
            "requires": {
                "@pixi/constants": "6.0.0",
                "@pixi/math": "6.0.0",
                "@pixi/runner": "6.0.0",
                "@pixi/settings": "6.0.0",
                "@pixi/ticker": "6.0.0",
                "@pixi/utils": "6.0.0"
            }
        },
        "@pixi/display": {
            "version": "6.0.0",
            "resolved": "https://registry.npmjs.org/@pixi/display/-/display-6.0.0.tgz",
            "integrity": "sha512-Sl4QLlNlHjB68BojkIK36kJy2/brJ+cVviYITpaRQzOEZRNiWOZPdKaZ4qH1mwzD59LGBvKksBGGeEB/y9XHlw==",
            "requires": {
                "@pixi/math": "6.0.0",
                "@pixi/settings": "6.0.0",
                "@pixi/utils": "6.0.0"
            }
        },
        "@pixi/extract": {
            "version": "6.0.0",
            "resolved": "https://registry.npmjs.org/@pixi/extract/-/extract-6.0.0.tgz",
            "integrity": "sha512-LIhQNOr90kEo2YFRcjsIR5ZRdbtcWWYqtwC6/Zgy5dzuB+JNCiHIqWZTHCJDbzuXnImHM3NP59Zay2nuJsgVAw==",
            "requires": {
                "@pixi/core": "6.0.0",
                "@pixi/math": "6.0.0",
                "@pixi/utils": "6.0.0"
            }
        },
        "@pixi/filter-alpha": {
            "version": "6.0.0",
            "resolved": "https://registry.npmjs.org/@pixi/filter-alpha/-/filter-alpha-6.0.0.tgz",
            "integrity": "sha512-wtsqCIIxYNH8twQ7sYTPnQa3GEBEkwgETglbQrszJIcuWf5sHizZwmV5k12DVJjWlRn5fHczrb9eF6Rye/K47A==",
            "requires": {
                "@pixi/core": "6.0.0"
            }
        },
        "@pixi/filter-blur": {
            "version": "6.0.0",
            "resolved": "https://registry.npmjs.org/@pixi/filter-blur/-/filter-blur-6.0.0.tgz",
            "integrity": "sha512-G0AZ8oCLFmJ1f0wFFPHKP9rKe/Ax4a0JIqIyxTPVdsWyZMUJT3hLK3pVyypnNFt4vJCFUENpG4f69DpIlxJ5AA==",
            "requires": {
                "@pixi/core": "6.0.0",
                "@pixi/settings": "6.0.0"
            }
        },
        "@pixi/filter-color-matrix": {
            "version": "6.0.0",
            "resolved": "https://registry.npmjs.org/@pixi/filter-color-matrix/-/filter-color-matrix-6.0.0.tgz",
            "integrity": "sha512-81LLG54+o7KPRLYqb5hKnHEa+8fvUwcBdzdEvkIw41IXGaxItXd18bDVs5A9hDRSA/DvDxPWR2ogXqnLuxrIRA==",
            "requires": {
                "@pixi/core": "6.0.0"
            }
        },
        "@pixi/filter-displacement": {
            "version": "6.0.0",
            "resolved": "https://registry.npmjs.org/@pixi/filter-displacement/-/filter-displacement-6.0.0.tgz",
            "integrity": "sha512-f439vMHb3VYUQSH9f3Z3o1j3o9ciA+xjzhldc+sXunxabmRn02yNye+u4fJlRoQnLFgGFlQCPlpaSEK+CGygDA==",
            "requires": {
                "@pixi/core": "6.0.0",
                "@pixi/math": "6.0.0"
            }
        },
        "@pixi/filter-fxaa": {
            "version": "6.0.0",
            "resolved": "https://registry.npmjs.org/@pixi/filter-fxaa/-/filter-fxaa-6.0.0.tgz",
            "integrity": "sha512-oSSee1ktf3nYUhH7rf1pfLjxWkliOZiqUo3N0E6mV5kN7RfIWVgyahImDVJdvIlSQYMVW8rg2jOMetp4E9c70g==",
            "requires": {
                "@pixi/core": "6.0.0"
            }
        },
        "@pixi/filter-noise": {
            "version": "6.0.0",
            "resolved": "https://registry.npmjs.org/@pixi/filter-noise/-/filter-noise-6.0.0.tgz",
            "integrity": "sha512-AMWcodsb5FUQGsfZRQs1Qn+YLGu8yScKWPKXhn1fjEP0zgFk2/PFu6CQADOETBrHYie6eqib05vmcFhhV6NN3A==",
            "requires": {
                "@pixi/core": "6.0.0"
            }
        },
        "@pixi/graphics": {
            "version": "6.0.0",
            "resolved": "https://registry.npmjs.org/@pixi/graphics/-/graphics-6.0.0.tgz",
            "integrity": "sha512-JKYlXD6snsNGI28okuhJrLr21FMDLbG2ISSn17P+fKvtUbCyerP0XrItZiMagjnwyoa4kcmk/L6ywQUSNrqe1Q==",
            "requires": {
                "@pixi/constants": "6.0.0",
                "@pixi/core": "6.0.0",
                "@pixi/display": "6.0.0",
                "@pixi/math": "6.0.0",
                "@pixi/sprite": "6.0.0",
                "@pixi/utils": "6.0.0"
            }
        },
        "@pixi/interaction": {
            "version": "6.0.0",
            "resolved": "https://registry.npmjs.org/@pixi/interaction/-/interaction-6.0.0.tgz",
            "integrity": "sha512-tbJEGApuALoMrRVtvozjJnVM+8svIQiyDmLsb8NYI0jS+VhqZCUZPoGRXBnzzOoCM8TfuRV9A8OAgoGOi543pg==",
            "requires": {
                "@pixi/core": "6.0.0",
                "@pixi/display": "6.0.0",
                "@pixi/math": "6.0.0",
                "@pixi/ticker": "6.0.0",
                "@pixi/utils": "6.0.0"
            }
        },
        "@pixi/loaders": {
            "version": "6.0.0",
            "resolved": "https://registry.npmjs.org/@pixi/loaders/-/loaders-6.0.0.tgz",
            "integrity": "sha512-mA0uXNJEDpSsPQZHRCxMViqdopqZgs9RueiqMlXirdnp5S+G56Y71eDZZxa1qJoy4LNJzcVOWqG8vOhLzYEpVQ==",
            "requires": {
                "@pixi/constants": "6.0.0",
                "@pixi/core": "6.0.0",
                "@pixi/utils": "6.0.0",
                "resource-loader": "^3.0.1"
            }
        },
        "@pixi/math": {
            "version": "6.0.0",
            "resolved": "https://registry.npmjs.org/@pixi/math/-/math-6.0.0.tgz",
            "integrity": "sha512-MGt7Gcj9zMCzy/T28mmi8TFfb09ePU+fbqd6VzXv91lmaoc/ZVBDRoYwDA8x5dQTXuuiRicRypXghQccl0X+OQ=="
        },
        "@pixi/mesh": {
            "version": "6.0.0",
            "resolved": "https://registry.npmjs.org/@pixi/mesh/-/mesh-6.0.0.tgz",
            "integrity": "sha512-yxIgDJXb0tklAZLE7dQ7ohVfTZhDZ+C9oU7FQ8uzyAlPrVVI5T7ZxTTfB2qYvfuX1ag3rCjGPqFvG01nG2P5QA==",
            "requires": {
                "@pixi/constants": "6.0.0",
                "@pixi/core": "6.0.0",
                "@pixi/display": "6.0.0",
                "@pixi/math": "6.0.0",
                "@pixi/settings": "6.0.0",
                "@pixi/utils": "6.0.0"
            }
        },
        "@pixi/mesh-extras": {
            "version": "6.0.0",
            "resolved": "https://registry.npmjs.org/@pixi/mesh-extras/-/mesh-extras-6.0.0.tgz",
            "integrity": "sha512-4F+/kZtyWoH6xkyreMTzO8tAj6NnHjJPFhTW4mNB79DoNyeb3JOQbyeaLj+TKvK+x72Hhcu2m7JxDUfstcBCCw==",
            "requires": {
                "@pixi/constants": "6.0.0",
                "@pixi/core": "6.0.0",
                "@pixi/math": "6.0.0",
                "@pixi/mesh": "6.0.0",
                "@pixi/utils": "6.0.0"
            }
        },
        "@pixi/mixin-cache-as-bitmap": {
            "version": "6.0.0",
            "resolved": "https://registry.npmjs.org/@pixi/mixin-cache-as-bitmap/-/mixin-cache-as-bitmap-6.0.0.tgz",
            "integrity": "sha512-ox2KaorNYSYm6vNXSEH1ecwGDRx9NhpXvBH4Gun9XwIgxmVTZrHdRYdWOgAhQnj9L+a7+JwwCGspcpcL4h0QBw==",
            "requires": {
                "@pixi/canvas-renderer": "6.0.0",
                "@pixi/core": "6.0.0",
                "@pixi/display": "6.0.0",
                "@pixi/math": "6.0.0",
                "@pixi/settings": "6.0.0",
                "@pixi/sprite": "6.0.0",
                "@pixi/utils": "6.0.0"
            }
        },
        "@pixi/mixin-get-child-by-name": {
            "version": "6.0.0",
            "resolved": "https://registry.npmjs.org/@pixi/mixin-get-child-by-name/-/mixin-get-child-by-name-6.0.0.tgz",
            "integrity": "sha512-g/8WflW83kfo918WROePmGErRI2rxSCnuRfEkHRYGcsyN3yN/oHyDTgA0UrlLvNk2YM2v3oDjQKmCkD4roA06A==",
            "requires": {
                "@pixi/display": "6.0.0"
            }
        },
        "@pixi/mixin-get-global-position": {
            "version": "6.0.0",
            "resolved": "https://registry.npmjs.org/@pixi/mixin-get-global-position/-/mixin-get-global-position-6.0.0.tgz",
            "integrity": "sha512-1qVfsoHjyWknFAmkhUkgOfOoCw5fE5cNbJ91VcfyUGL5hgw329uqdOqeqAVr06oRNInvMzNM6ePBoD6+8T2qrw==",
            "requires": {
                "@pixi/display": "6.0.0",
                "@pixi/math": "6.0.0"
            }
        },
        "@pixi/particles": {
            "version": "6.0.0",
            "resolved": "https://registry.npmjs.org/@pixi/particles/-/particles-6.0.0.tgz",
            "integrity": "sha512-Q8aWbP7fJEqShJ75WhgMq2v+YbaGyKnYk+8xoyPooIjD+RWx9iibqqsYq4bzaDXL/yl74K32hhFkKB9krj4MMQ==",
            "requires": {
                "@pixi/constants": "6.0.0",
                "@pixi/core": "6.0.0",
                "@pixi/display": "6.0.0",
                "@pixi/math": "6.0.0",
                "@pixi/utils": "6.0.0"
            }
        },
        "@pixi/polyfill": {
            "version": "6.0.0",
            "resolved": "https://registry.npmjs.org/@pixi/polyfill/-/polyfill-6.0.0.tgz",
            "integrity": "sha512-lMjVCEiQYfa9wJgYT75fGbpuMsxF7WLmH05+Zg4a9nZJm7DeQ/D+BjsuxTGKLbjINHCMUA/D8E6utT2u5IGgGA==",
            "requires": {
                "object-assign": "^4.1.1",
                "promise-polyfill": "^8.2.0"
            }
        },
        "@pixi/prepare": {
            "version": "6.0.0",
            "resolved": "https://registry.npmjs.org/@pixi/prepare/-/prepare-6.0.0.tgz",
            "integrity": "sha512-5Iw7vq9Ze71LQsg9F8Fx94vszFB5/E9LcMhn7NJDGbrCawigldqT1GiwJB2SzWBbqn199GDTX1g/ApMdLEt4YA==",
            "requires": {
                "@pixi/core": "6.0.0",
                "@pixi/display": "6.0.0",
                "@pixi/graphics": "6.0.0",
                "@pixi/settings": "6.0.0",
                "@pixi/text": "6.0.0",
                "@pixi/ticker": "6.0.0"
            }
        },
        "@pixi/runner": {
            "version": "6.0.0",
            "resolved": "https://registry.npmjs.org/@pixi/runner/-/runner-6.0.0.tgz",
            "integrity": "sha512-lwlAdtC4PEPy3O0nljYNEZgsBe9AEJ8qZAFkDK+ZHQIgV3uODRIG+8dmzTmMo7pHucvMM9klK29bzBhmXS95eQ=="
        },
        "@pixi/settings": {
            "version": "6.0.0",
            "resolved": "https://registry.npmjs.org/@pixi/settings/-/settings-6.0.0.tgz",
            "integrity": "sha512-AMM39dnYrByL4/qZHNWShJaYQkp0RJ/TA7JNf6cJq/Mq8idumaSdUsrytvbmFDIhNEeFTh9o1EgLzqxxCO7Z+g==",
            "requires": {
                "ismobilejs": "^1.1.0"
            }
        },
        "@pixi/sprite": {
            "version": "6.0.0",
            "resolved": "https://registry.npmjs.org/@pixi/sprite/-/sprite-6.0.0.tgz",
            "integrity": "sha512-17bmwAL/KtY//I3mhZeKeVjoXSmI8yWk+zsTy8L5s95UVUDkyxJ//mc8Sv7ajF2OteLH0yyd+l3Pb/lYazkwBQ==",
            "requires": {
                "@pixi/constants": "6.0.0",
                "@pixi/core": "6.0.0",
                "@pixi/display": "6.0.0",
                "@pixi/math": "6.0.0",
                "@pixi/settings": "6.0.0",
                "@pixi/utils": "6.0.0"
            }
        },
        "@pixi/sprite-animated": {
            "version": "6.0.0",
            "resolved": "https://registry.npmjs.org/@pixi/sprite-animated/-/sprite-animated-6.0.0.tgz",
            "integrity": "sha512-bNPIqDCod5KGHU1GN9T+YOTnaSwNLxurxlOQc6CyWtkQCIYKGYg7ZA+It0p9wX1cerx/sf80QLODiLI1msPHDw==",
            "requires": {
                "@pixi/core": "6.0.0",
                "@pixi/sprite": "6.0.0",
                "@pixi/ticker": "6.0.0"
            }
        },
        "@pixi/sprite-tiling": {
            "version": "6.0.0",
            "resolved": "https://registry.npmjs.org/@pixi/sprite-tiling/-/sprite-tiling-6.0.0.tgz",
            "integrity": "sha512-h+TQ+DZTWzHkrJXC7CbhbwzgLtXGWo7yW4y4ha2k+EIIy4uyRYki5wA4xq+Q4Dk1PlItNXOTubs1uQMxBmOWgw==",
            "requires": {
                "@pixi/constants": "6.0.0",
                "@pixi/core": "6.0.0",
                "@pixi/display": "6.0.0",
                "@pixi/math": "6.0.0",
                "@pixi/sprite": "6.0.0",
                "@pixi/utils": "6.0.0"
            }
        },
        "@pixi/spritesheet": {
            "version": "6.0.0",
            "resolved": "https://registry.npmjs.org/@pixi/spritesheet/-/spritesheet-6.0.0.tgz",
            "integrity": "sha512-crRPvDA3O8qrAUTnPuV2UIKKW06FpCgGSFe5OwaE+8yFP2DCefoMeD5tU+EOuWavLTM94nBjbcGEpGYp/VBIvA==",
            "requires": {
                "@pixi/core": "6.0.0",
                "@pixi/loaders": "6.0.0",
                "@pixi/math": "6.0.0",
                "@pixi/utils": "6.0.0"
            }
        },
        "@pixi/text": {
            "version": "6.0.0",
            "resolved": "https://registry.npmjs.org/@pixi/text/-/text-6.0.0.tgz",
            "integrity": "sha512-ZRgU03fWETpTsr+vse8yC8/czEZ36qS3+NyGtaL9lP+Otw/exJ+fPNKE6Oucb3ZpjhNRSWVSCmZcqGp0ogzQDw==",
            "requires": {
                "@pixi/core": "6.0.0",
                "@pixi/math": "6.0.0",
                "@pixi/settings": "6.0.0",
                "@pixi/sprite": "6.0.0",
                "@pixi/utils": "6.0.0"
            }
        },
        "@pixi/text-bitmap": {
            "version": "6.0.0",
            "resolved": "https://registry.npmjs.org/@pixi/text-bitmap/-/text-bitmap-6.0.0.tgz",
            "integrity": "sha512-PXxr1JcBtcqnkkmdIgS2vN3TvmgA2jXY8BhdCamx+Bkhtpron5UWL0wzIOmEXEH0jWyXwbdTuNnx4V48JJbIsQ==",
            "requires": {
                "@pixi/core": "6.0.0",
                "@pixi/display": "6.0.0",
                "@pixi/loaders": "6.0.0",
                "@pixi/math": "6.0.0",
                "@pixi/mesh": "6.0.0",
                "@pixi/settings": "6.0.0",
                "@pixi/text": "6.0.0",
                "@pixi/utils": "6.0.0"
            }
        },
        "@pixi/ticker": {
            "version": "6.0.0",
            "resolved": "https://registry.npmjs.org/@pixi/ticker/-/ticker-6.0.0.tgz",
            "integrity": "sha512-ON9Evw2ofOCIZ/06/sS1InRT6ByPsjeQtKxSP4YxgakUqY8mXKAFvj7L3GpgjyVz4u80VdqxgEki6teElfMI4Q==",
            "requires": {
                "@pixi/settings": "6.0.0"
            }
        },
        "@pixi/utils": {
            "version": "6.0.0",
            "resolved": "https://registry.npmjs.org/@pixi/utils/-/utils-6.0.0.tgz",
            "integrity": "sha512-kI/KPd3NHYeRdss8ZsFjBrup/x0bXSjX/Vq8gZJOdiHIZ6IFllugYulsQwGbgNCTX0VBV8K8ks21/UzHUhRxGQ==",
            "requires": {
                "@pixi/constants": "6.0.0",
                "@pixi/settings": "6.0.0",
                "@types/earcut": "^2.1.0",
                "@types/node": "^12.0.0",
                "earcut": "^2.2.2",
                "eventemitter3": "^3.1.0",
                "url": "^0.11.0"
            }
        },
        "@rollup/pluginutils": {
            "version": "4.1.0",
            "resolved": "https://registry.npmjs.org/@rollup/pluginutils/-/pluginutils-4.1.0.tgz",
            "integrity": "sha512-TrBhfJkFxA+ER+ew2U2/fHbebhLT/l/2pRk0hfj9KusXUuRXd2v0R58AfaZK9VXDQ4TogOSEmICVrQAA3zFnHQ==",
            "dev": true,
            "requires": {
                "estree-walker": "^2.0.1",
                "picomatch": "^2.2.2"
            }
        },
        "@types/earcut": {
            "version": "2.1.1",
            "resolved": "https://registry.npmjs.org/@types/earcut/-/earcut-2.1.1.tgz",
            "integrity": "sha512-w8oigUCDjElRHRRrMvn/spybSMyX8MTkKA5Dv+tS1IE/TgmNZPqUYtvYBXGY8cieSE66gm+szeK+bnbxC2xHTQ=="
        },
        "@types/node": {
            "version": "12.20.4",
            "resolved": "https://registry.npmjs.org/@types/node/-/node-12.20.4.tgz",
            "integrity": "sha512-xRCgeE0Q4pT5UZ189TJ3SpYuX/QGl6QIAOAIeDSbAVAd2gX1NxSZup4jNVK7cxIeP8KDSbJgcckun495isP1jQ=="
        },
        "at-least-node": {
            "version": "1.0.0",
            "resolved": "https://registry.npmjs.org/at-least-node/-/at-least-node-1.0.0.tgz",
            "integrity": "sha512-+q/t7Ekv1EDY2l6Gda6LLiX14rU9TV20Wa3ofeQmwPFZbOMo9DXrLbOjFaaclkXKWidIaopwAObQDqwWtGUjqg==",
            "dev": true
        },
        "balanced-match": {
            "version": "1.0.0",
            "resolved": "https://registry.npmjs.org/balanced-match/-/balanced-match-1.0.0.tgz",
            "integrity": "sha1-ibTRmasr7kneFk6gK4nORi1xt2c=",
            "dev": true
        },
        "brace-expansion": {
            "version": "1.1.11",
            "resolved": "https://registry.npmjs.org/brace-expansion/-/brace-expansion-1.1.11.tgz",
            "integrity": "sha512-iCuPHDFgrHX7H2vEI/5xpz07zSHB00TpugqhmYtVmMO6518mCuRMoOYFldEBl0g187ufozdaHgWKcYFb61qGiA==",
            "dev": true,
            "requires": {
                "balanced-match": "^1.0.0",
                "concat-map": "0.0.1"
            }
        },
        "colors": {
            "version": "1.4.0",
            "resolved": "https://registry.npmjs.org/colors/-/colors-1.4.0.tgz",
            "integrity": "sha512-a+UqTh4kgZg/SlGvfbzDHpgRu7AAQOmmqRHJnxhRZICKFUT91brVhNNt58CMWU9PsBbv3PDCZUHbVxuDiH2mtA==",
            "dev": true
        },
        "commondir": {
            "version": "1.0.1",
            "resolved": "https://registry.npmjs.org/commondir/-/commondir-1.0.1.tgz",
            "integrity": "sha1-3dgA2gxmEnOTzKWVDqloo6rxJTs=",
            "dev": true
        },
        "concat-map": {
            "version": "0.0.1",
            "resolved": "https://registry.npmjs.org/concat-map/-/concat-map-0.0.1.tgz",
            "integrity": "sha1-2Klr13/Wjfd5OnMDajug1UBdR3s=",
            "dev": true
        },
        "earcut": {
            "version": "2.2.2",
            "resolved": "https://registry.npmjs.org/earcut/-/earcut-2.2.2.tgz",
            "integrity": "sha512-eZoZPPJcUHnfRZ0PjLvx2qBordSiO8ofC3vt+qACLM95u+4DovnbYNpQtJh0DNsWj8RnxrQytD4WA8gj5cRIaQ=="
        },
        "estree-walker": {
            "version": "2.0.2",
            "resolved": "https://registry.npmjs.org/estree-walker/-/estree-walker-2.0.2.tgz",
            "integrity": "sha512-Rfkk/Mp/DL7JVje3u18FxFujQlTNR2q6QfMSMB7AvCBx91NGj/ba3kCfza0f6dVDbw7YlRf/nDrn7pQrCCyQ/w==",
            "dev": true
        },
        "eventemitter3": {
            "version": "3.1.2",
            "resolved": "https://registry.npmjs.org/eventemitter3/-/eventemitter3-3.1.2.tgz",
            "integrity": "sha512-tvtQIeLVHjDkJYnzf2dgVMxfuSGJeM/7UCG17TT4EumTfNtF+0nebF/4zWOIkCreAbtNqhGEboB6BWrwqNaw4Q=="
        },
        "find-cache-dir": {
            "version": "3.3.1",
            "resolved": "https://registry.npmjs.org/find-cache-dir/-/find-cache-dir-3.3.1.tgz",
            "integrity": "sha512-t2GDMt3oGC/v+BMwzmllWDuJF/xcDtE5j/fCGbqDD7OLuJkj0cfh1YSA5VKPvwMeLFLNDBkwOKZ2X85jGLVftQ==",
            "dev": true,
            "requires": {
                "commondir": "^1.0.1",
                "make-dir": "^3.0.2",
                "pkg-dir": "^4.1.0"
            }
        },
        "find-up": {
            "version": "4.1.0",
            "resolved": "https://registry.npmjs.org/find-up/-/find-up-4.1.0.tgz",
            "integrity": "sha512-PpOwAdQ/YlXQ2vj8a3h8IipDuYRi3wceVQQGYWxNINccq40Anw7BlsEXCMbt1Zt+OLA6Fq9suIpIWD0OsnISlw==",
            "dev": true,
            "requires": {
                "locate-path": "^5.0.0",
                "path-exists": "^4.0.0"
            }
        },
        "fs-extra": {
            "version": "8.1.0",
            "resolved": "https://registry.npmjs.org/fs-extra/-/fs-extra-8.1.0.tgz",
            "integrity": "sha512-yhlQgA6mnOJUKOsRUFsgJdQCvkKhcz8tlZG5HBQfReYZy46OwLcY+Zia0mtdHsOo9y/hP+CxMN0TU9QxoOtG4g==",
            "dev": true,
            "requires": {
                "graceful-fs": "^4.2.0",
                "jsonfile": "^4.0.0",
                "universalify": "^0.1.0"
            }
        },
        "fs.realpath": {
            "version": "1.0.0",
            "resolved": "https://registry.npmjs.org/fs.realpath/-/fs.realpath-1.0.0.tgz",
            "integrity": "sha1-FQStJSMVjKpA20onh8sBQRmU6k8=",
            "dev": true
        },
        "fsevents": {
            "version": "2.3.2",
            "resolved": "https://registry.npmjs.org/fsevents/-/fsevents-2.3.2.tgz",
            "integrity": "sha512-xiqMQR4xAeHTuB9uWm+fFRcIOgKBMiOBP+eXiyT7jsgVCq1bkVygt00oASowB7EdtpOHaaPgKt812P9ab+DDKA==",
            "dev": true,
            "optional": true
        },
        "function-bind": {
            "version": "1.1.1",
            "resolved": "https://registry.npmjs.org/function-bind/-/function-bind-1.1.1.tgz",
            "integrity": "sha512-yIovAzMX49sF8Yl58fSCWJ5svSLuaibPxXQJFLmBObTuCr0Mf1KiPopGM9NiFjiYBCbfaa2Fh6breQ6ANVTI0A==",
            "dev": true
        },
        "glob": {
            "version": "7.1.6",
            "resolved": "https://registry.npmjs.org/glob/-/glob-7.1.6.tgz",
            "integrity": "sha512-LwaxwyZ72Lk7vZINtNNrywX0ZuLyStrdDtabefZKAY5ZGJhVtgdznluResxNmPitE0SAO+O26sWTHeKSI2wMBA==",
            "dev": true,
            "requires": {
                "fs.realpath": "^1.0.0",
                "inflight": "^1.0.4",
                "inherits": "2",
                "minimatch": "^3.0.4",
                "once": "^1.3.0",
                "path-is-absolute": "^1.0.0"
            }
        },
        "graceful-fs": {
            "version": "4.2.6",
            "resolved": "https://registry.npmjs.org/graceful-fs/-/graceful-fs-4.2.6.tgz",
            "integrity": "sha512-nTnJ528pbqxYanhpDYsi4Rd8MAeaBA67+RZ10CM1m3bTAVFEDcd5AuA4a6W5YkGZ1iNXHzZz8T6TBKLeBuNriQ==",
            "dev": true
        },
        "handlebars": {
            "version": "4.7.7",
            "resolved": "https://registry.npmjs.org/handlebars/-/handlebars-4.7.7.tgz",
            "integrity": "sha512-aAcXm5OAfE/8IXkcZvCepKU3VzW1/39Fb5ZuqMtgI/hT8X2YgoMvBY5dLhq/cpOvw7Lk1nK/UF71aLG/ZnVYRA==",
            "dev": true,
            "requires": {
                "minimist": "^1.2.5",
                "neo-async": "^2.6.0",
                "source-map": "^0.6.1",
                "uglify-js": "^3.1.4",
                "wordwrap": "^1.0.0"
            }
        },
        "has": {
            "version": "1.0.3",
            "resolved": "https://registry.npmjs.org/has/-/has-1.0.3.tgz",
            "integrity": "sha512-f2dvO0VU6Oej7RkWJGrehjbzMAjFp5/VKPp5tTpWIV4JHHZK1/BxbFRtf/siA2SWTe09caDmVtYYzWEIbBS4zw==",
            "dev": true,
            "requires": {
                "function-bind": "^1.1.1"
            }
        },
        "inflight": {
            "version": "1.0.6",
            "resolved": "https://registry.npmjs.org/inflight/-/inflight-1.0.6.tgz",
            "integrity": "sha1-Sb1jMdfQLQwJvJEKEHW6gWW1bfk=",
            "dev": true,
            "requires": {
                "once": "^1.3.0",
                "wrappy": "1"
            }
        },
        "inherits": {
            "version": "2.0.4",
            "resolved": "https://registry.npmjs.org/inherits/-/inherits-2.0.4.tgz",
            "integrity": "sha512-k/vGaX4/Yla3WzyMCvTQOXYeIHvqOKtnqBduzTHpzpQZzAskKMhZ2K+EnBiSM9zGSoIFeMpXKxa4dYeZIQqewQ==",
            "dev": true
        },
        "interpret": {
            "version": "1.4.0",
            "resolved": "https://registry.npmjs.org/interpret/-/interpret-1.4.0.tgz",
            "integrity": "sha512-agE4QfB2Lkp9uICn7BAqoscw4SZP9kTE2hxiFI3jBPmXJfdqiahTbUuKGsMoN2GtqL9AxhYioAcVvgsb1HvRbA==",
            "dev": true
        },
        "is-core-module": {
            "version": "2.2.0",
            "resolved": "https://registry.npmjs.org/is-core-module/-/is-core-module-2.2.0.tgz",
            "integrity": "sha512-XRAfAdyyY5F5cOXn7hYQDqh2Xmii+DEfIcQGxK/uNwMHhIkPWO0g8msXcbzLe+MpGoR951MlqM/2iIlU4vKDdQ==",
            "dev": true,
            "requires": {
                "has": "^1.0.3"
            }
        },
        "ismobilejs": {
            "version": "1.1.1",
            "resolved": "https://registry.npmjs.org/ismobilejs/-/ismobilejs-1.1.1.tgz",
            "integrity": "sha512-VaFW53yt8QO61k2WJui0dHf4SlL8lxBofUuUmwBo0ljPk0Drz2TiuDW4jo3wDcv41qy/SxrJ+VAzJ/qYqsmzRw=="
        },
        "jsonfile": {
            "version": "4.0.0",
            "resolved": "https://registry.npmjs.org/jsonfile/-/jsonfile-4.0.0.tgz",
            "integrity": "sha1-h3Gq4HmbZAdrdmQPygWPnBDjPss=",
            "dev": true,
            "requires": {
                "graceful-fs": "^4.1.6"
            }
        },
        "locate-path": {
            "version": "5.0.0",
            "resolved": "https://registry.npmjs.org/locate-path/-/locate-path-5.0.0.tgz",
            "integrity": "sha512-t7hw9pI+WvuwNJXwk5zVHpyhIqzg2qTlklJOf0mVxGSbe3Fp2VieZcduNYjaLDoy6p9uGpQEGWG87WpMKlNq8g==",
            "dev": true,
            "requires": {
                "p-locate": "^4.1.0"
            }
        },
        "lodash": {
            "version": "4.17.21",
            "resolved": "https://registry.npmjs.org/lodash/-/lodash-4.17.21.tgz",
            "integrity": "sha512-v2kDEe57lecTulaDIuNTPy3Ry4gLGJ6Z1O3vE1krgXZNrsQ+LFTGHVxVjcXPs17LhbZVGedAJv8XZ1tvj5FvSg==",
            "dev": true
        },
        "lru-cache": {
            "version": "5.1.1",
            "resolved": "https://registry.npmjs.org/lru-cache/-/lru-cache-5.1.1.tgz",
            "integrity": "sha512-KpNARQA3Iwv+jTA0utUVVbrh+Jlrr1Fv0e56GGzAFOXN7dk/FviaDW8LHmK52DlcH4WP2n6gI8vN1aesBFgo9w==",
            "dev": true,
            "requires": {
                "yallist": "^3.0.2"
            }
        },
        "lunr": {
            "version": "2.3.9",
            "resolved": "https://registry.npmjs.org/lunr/-/lunr-2.3.9.tgz",
            "integrity": "sha512-zTU3DaZaF3Rt9rhN3uBMGQD3dD2/vFQqnvZCDv4dl5iOzq2IZQqTxu90r4E5J+nP70J3ilqVCrbho2eWaeW8Ow==",
            "dev": true
        },
        "make-dir": {
            "version": "3.1.0",
            "resolved": "https://registry.npmjs.org/make-dir/-/make-dir-3.1.0.tgz",
            "integrity": "sha512-g3FeP20LNwhALb/6Cz6Dd4F2ngze0jz7tbzrD2wAV+o9FeNHe4rL+yK2md0J/fiSf1sa1ADhXqi5+oVwOM/eGw==",
            "dev": true,
            "requires": {
                "semver": "^6.0.0"
            }
        },
        "marked": {
            "version": "2.0.1",
            "resolved": "https://registry.npmjs.org/marked/-/marked-2.0.1.tgz",
            "integrity": "sha512-5+/fKgMv2hARmMW7DOpykr2iLhl0NgjyELk5yn92iE7z8Se1IS9n3UsFm86hFXIkvMBmVxki8+ckcpjBeyo/hw==",
            "dev": true
        },
        "mini-signals": {
            "version": "1.2.0",
            "resolved": "https://registry.npmjs.org/mini-signals/-/mini-signals-1.2.0.tgz",
            "integrity": "sha1-RbCAE8X65RokqhqTXNMXye1yHXQ="
        },
        "minimatch": {
            "version": "3.0.4",
            "resolved": "https://registry.npmjs.org/minimatch/-/minimatch-3.0.4.tgz",
            "integrity": "sha512-yJHVQEhyqPLUTgt9B83PXu6W3rx4MvvHvSUvToogpwoGDOUQ+yDrR0HRot+yOCdCO7u4hX3pWft6kWBBcqh0UA==",
            "dev": true,
            "requires": {
                "brace-expansion": "^1.1.7"
            }
        },
        "minimist": {
            "version": "1.2.5",
            "resolved": "https://registry.npmjs.org/minimist/-/minimist-1.2.5.tgz",
            "integrity": "sha512-FM9nNUYrRBAELZQT3xeZQ7fmMOBg6nWNmJKTcgsJeaLstP/UODVpGsr5OhXhhXg6f+qtJ8uiZ+PUxkDWcgIXLw==",
            "dev": true
        },
        "neo-async": {
            "version": "2.6.2",
            "resolved": "https://registry.npmjs.org/neo-async/-/neo-async-2.6.2.tgz",
            "integrity": "sha512-Yd3UES5mWCSqR+qNT93S3UoYUkqAZ9lLg8a7g9rimsWmYGK8cVToA4/sF3RrshdyV3sAGMXVUmpMYOw+dLpOuw==",
            "dev": true
        },
        "object-assign": {
            "version": "4.1.1",
            "resolved": "https://registry.npmjs.org/object-assign/-/object-assign-4.1.1.tgz",
            "integrity": "sha1-IQmtx5ZYh8/AXLvUQsrIv7s2CGM="
        },
        "once": {
            "version": "1.4.0",
            "resolved": "https://registry.npmjs.org/once/-/once-1.4.0.tgz",
            "integrity": "sha1-WDsap3WWHUsROsF9nFC6753Xa9E=",
            "dev": true,
            "requires": {
                "wrappy": "1"
            }
        },
        "onigasm": {
            "version": "2.2.5",
            "resolved": "https://registry.npmjs.org/onigasm/-/onigasm-2.2.5.tgz",
            "integrity": "sha512-F+th54mPc0l1lp1ZcFMyL/jTs2Tlq4SqIHKIXGZOR/VkHkF9A7Fr5rRr5+ZG/lWeRsyrClLYRq7s/yFQ/XhWCA==",
            "dev": true,
            "requires": {
                "lru-cache": "^5.1.1"
            }
        },
        "p-limit": {
            "version": "2.3.0",
            "resolved": "https://registry.npmjs.org/p-limit/-/p-limit-2.3.0.tgz",
            "integrity": "sha512-//88mFWSJx8lxCzwdAABTJL2MyWB12+eIY7MDL2SqLmAkeKU9qxRvWuSyTjm3FUmpBEMuFfckAIqEaVGUDxb6w==",
            "dev": true,
            "requires": {
                "p-try": "^2.0.0"
            }
        },
        "p-locate": {
            "version": "4.1.0",
            "resolved": "https://registry.npmjs.org/p-locate/-/p-locate-4.1.0.tgz",
            "integrity": "sha512-R79ZZ/0wAxKGu3oYMlz8jy/kbhsNrS7SKZ7PxEHBgJ5+F2mtFW2fK2cOtBh1cHYkQsbzFV7I+EoRKe6Yt0oK7A==",
            "dev": true,
            "requires": {
                "p-limit": "^2.2.0"
            }
        },
        "p-try": {
            "version": "2.2.0",
            "resolved": "https://registry.npmjs.org/p-try/-/p-try-2.2.0.tgz",
            "integrity": "sha512-R4nPAVTAU0B9D35/Gk3uJf/7XYbQcyohSKdvAxIRSNghFl4e71hVoGnBNQz9cWaXxO2I10KTC+3jMdvvoKw6dQ==",
            "dev": true
        },
        "parse-uri": {
            "version": "1.0.3",
            "resolved": "https://registry.npmjs.org/parse-uri/-/parse-uri-1.0.3.tgz",
            "integrity": "sha512-upMnGxNcm+45So85HoguwZTVZI9u11i36DdxJfGF2HYWS2eh3TIx7+/tTi7qrEq15qzGkVhsKjesau+kCk48pA=="
        },
        "path-exists": {
            "version": "4.0.0",
            "resolved": "https://registry.npmjs.org/path-exists/-/path-exists-4.0.0.tgz",
            "integrity": "sha512-ak9Qy5Q7jYb2Wwcey5Fpvg2KoAc/ZIhLSLOSBmRmygPsGwkVVt0fZa0qrtMz+m6tJTAHfZQ8FnmB4MG4LWy7/w==",
            "dev": true
        },
        "path-is-absolute": {
            "version": "1.0.1",
            "resolved": "https://registry.npmjs.org/path-is-absolute/-/path-is-absolute-1.0.1.tgz",
            "integrity": "sha1-F0uSaHNVNP+8es5r9TpanhtcX18=",
            "dev": true
        },
        "path-parse": {
            "version": "1.0.6",
            "resolved": "https://registry.npmjs.org/path-parse/-/path-parse-1.0.6.tgz",
            "integrity": "sha512-GSmOT2EbHrINBf9SR7CDELwlJ8AENk3Qn7OikK4nFYAu3Ote2+JYNVvkpAEQm3/TLNEJFD/xZJjzyxg3KBWOzw==",
            "dev": true
        },
        "picomatch": {
            "version": "2.2.2",
            "resolved": "https://registry.npmjs.org/picomatch/-/picomatch-2.2.2.tgz",
            "integrity": "sha512-q0M/9eZHzmr0AulXyPwNfZjtwZ/RBZlbN3K3CErVrk50T2ASYI7Bye0EvekFY3IP1Nt2DHu0re+V2ZHIpMkuWg==",
            "dev": true
        },
        "pixi.js": {
            "version": "6.0.0",
            "resolved": "https://registry.npmjs.org/pixi.js/-/pixi.js-6.0.0.tgz",
            "integrity": "sha512-dnbLWGxlA5LBoIW85uJQ2HiPQAkDFwp3bHs3OmXX+lJON9Lh4ZgVv2TAwgcO9j0UV5Wkbm+9sXEhqT8Up7a4RA==",
            "requires": {
                "@pixi/accessibility": "6.0.0",
                "@pixi/app": "6.0.0",
                "@pixi/compressed-textures": "6.0.0",
                "@pixi/constants": "6.0.0",
                "@pixi/core": "6.0.0",
                "@pixi/display": "6.0.0",
                "@pixi/extract": "6.0.0",
                "@pixi/filter-alpha": "6.0.0",
                "@pixi/filter-blur": "6.0.0",
                "@pixi/filter-color-matrix": "6.0.0",
                "@pixi/filter-displacement": "6.0.0",
                "@pixi/filter-fxaa": "6.0.0",
                "@pixi/filter-noise": "6.0.0",
                "@pixi/graphics": "6.0.0",
                "@pixi/interaction": "6.0.0",
                "@pixi/loaders": "6.0.0",
                "@pixi/math": "6.0.0",
                "@pixi/mesh": "6.0.0",
                "@pixi/mesh-extras": "6.0.0",
                "@pixi/mixin-cache-as-bitmap": "6.0.0",
                "@pixi/mixin-get-child-by-name": "6.0.0",
                "@pixi/mixin-get-global-position": "6.0.0",
                "@pixi/particles": "6.0.0",
                "@pixi/polyfill": "6.0.0",
                "@pixi/prepare": "6.0.0",
                "@pixi/runner": "6.0.0",
                "@pixi/settings": "6.0.0",
                "@pixi/sprite": "6.0.0",
                "@pixi/sprite-animated": "6.0.0",
                "@pixi/sprite-tiling": "6.0.0",
                "@pixi/spritesheet": "6.0.0",
                "@pixi/text": "6.0.0",
                "@pixi/text-bitmap": "6.0.0",
                "@pixi/ticker": "6.0.0",
                "@pixi/utils": "6.0.0"
            }
        },
        "pkg-dir": {
            "version": "4.2.0",
            "resolved": "https://registry.npmjs.org/pkg-dir/-/pkg-dir-4.2.0.tgz",
            "integrity": "sha512-HRDzbaKjC+AOWVXxAU/x54COGeIv9eb+6CkDSQoNTt4XyWoIJvuPsXizxu/Fr23EiekbtZwmh1IcIG/l/a10GQ==",
            "dev": true,
            "requires": {
                "find-up": "^4.0.0"
            }
        },
        "prettier": {
            "version": "2.2.1",
            "resolved": "https://registry.npmjs.org/prettier/-/prettier-2.2.1.tgz",
            "integrity": "sha512-PqyhM2yCjg/oKkFPtTGUojv7gnZAoG80ttl45O6x2Ug/rMJw4wcc9k6aaf2hibP7BGVCCM33gZoGjyvt9mm16Q==",
            "dev": true
        },
        "progress": {
            "version": "2.0.3",
            "resolved": "https://registry.npmjs.org/progress/-/progress-2.0.3.tgz",
            "integrity": "sha512-7PiHtLll5LdnKIMw100I+8xJXR5gW2QwWYkT6iJva0bXitZKa/XMrSbdmg3r2Xnaidz9Qumd0VPaMrZlF9V9sA==",
            "dev": true
        },
        "promise-polyfill": {
            "version": "8.2.0",
            "resolved": "https://registry.npmjs.org/promise-polyfill/-/promise-polyfill-8.2.0.tgz",
            "integrity": "sha512-k/TC0mIcPVF6yHhUvwAp7cvL6I2fFV7TzF1DuGPI8mBh4QQazf36xCKEHKTZKRysEoTQoQdKyP25J8MPJp7j5g=="
        },
        "punycode": {
            "version": "1.3.2",
            "resolved": "https://registry.npmjs.org/punycode/-/punycode-1.3.2.tgz",
            "integrity": "sha1-llOgNvt8HuQjQvIyXM7v6jkmxI0="
        },
        "querystring": {
            "version": "0.2.0",
            "resolved": "https://registry.npmjs.org/querystring/-/querystring-0.2.0.tgz",
            "integrity": "sha1-sgmEkgO7Jd+CDadW50cAWHhSFiA="
        },
        "rechoir": {
            "version": "0.6.2",
            "resolved": "https://registry.npmjs.org/rechoir/-/rechoir-0.6.2.tgz",
            "integrity": "sha1-hSBLVNuoLVdC4oyWdW70OvUOM4Q=",
            "dev": true,
            "requires": {
                "resolve": "^1.1.6"
            }
        },
        "resolve": {
            "version": "1.20.0",
            "resolved": "https://registry.npmjs.org/resolve/-/resolve-1.20.0.tgz",
            "integrity": "sha512-wENBPt4ySzg4ybFQW2TT1zMQucPK95HSh/nq2CFTZVOGut2+pQvSsgtda4d26YrYcr067wjbmzOG8byDPBX63A==",
            "dev": true,
            "requires": {
                "is-core-module": "^2.2.0",
                "path-parse": "^1.0.6"
            }
        },
        "resource-loader": {
            "version": "3.0.1",
            "resolved": "https://registry.npmjs.org/resource-loader/-/resource-loader-3.0.1.tgz",
            "integrity": "sha512-fBuCRbEHdLCI1eglzQhUv9Rrdcmqkydr1r6uHE2cYHvRBrcLXeSmbE/qI/urFt8rPr/IGxir3BUwM5kUK8XoyA==",
            "requires": {
                "mini-signals": "^1.2.0",
                "parse-uri": "^1.0.0"
            }
        },
        "rimraf": {
            "version": "3.0.2",
            "resolved": "https://registry.npmjs.org/rimraf/-/rimraf-3.0.2.tgz",
            "integrity": "sha512-JZkJMZkAGFFPP2YqXZXPbMlMBgsxzE8ILs4lMIX/2o0L9UBw9O/Y3o6wFw/i9YLapcUJWwqbi3kdxIPdC62TIA==",
            "dev": true,
            "requires": {
                "glob": "^7.1.3"
            }
        },
        "rollup": {
            "version": "2.40.0",
            "resolved": "https://registry.npmjs.org/rollup/-/rollup-2.40.0.tgz",
            "integrity": "sha512-WiOGAPbXoHu+TOz6hyYUxIksOwsY/21TRWoO593jgYt8mvYafYqQl+axaA8y1z2HFazNUUrsMSjahV2A6/2R9A==",
            "dev": true,
            "requires": {
                "fsevents": "~2.3.1"
            }
        },
        "rollup-plugin-typescript2": {
            "version": "0.30.0",
            "resolved": "https://registry.npmjs.org/rollup-plugin-typescript2/-/rollup-plugin-typescript2-0.30.0.tgz",
            "integrity": "sha512-NUFszIQyhgDdhRS9ya/VEmsnpTe+GERDMmFo0Y+kf8ds51Xy57nPNGglJY+W6x1vcouA7Au7nsTgsLFj2I0PxQ==",
            "dev": true,
            "requires": {
                "@rollup/pluginutils": "^4.1.0",
                "find-cache-dir": "^3.3.1",
                "fs-extra": "8.1.0",
                "resolve": "1.20.0",
                "tslib": "2.1.0"
            }
        },
        "semver": {
            "version": "6.3.0",
            "resolved": "https://registry.npmjs.org/semver/-/semver-6.3.0.tgz",
            "integrity": "sha512-b39TBaTSfV6yBrapU89p5fKekE2m/NwnDocOVruQFS1/veMgdzuPcnOM34M6CwxW8jH/lxEa5rBoDeUwu5HHTw==",
            "dev": true
        },
        "shelljs": {
            "version": "0.8.4",
            "resolved": "https://registry.npmjs.org/shelljs/-/shelljs-0.8.4.tgz",
            "integrity": "sha512-7gk3UZ9kOfPLIAbslLzyWeGiEqx9e3rxwZM0KE6EL8GlGwjym9Mrlx5/p33bWTu9YG6vcS4MBxYZDHYr5lr8BQ==",
            "dev": true,
            "requires": {
                "glob": "^7.0.0",
                "interpret": "^1.0.0",
                "rechoir": "^0.6.2"
            }
        },
        "shiki": {
            "version": "0.9.2",
            "resolved": "https://registry.npmjs.org/shiki/-/shiki-0.9.2.tgz",
            "integrity": "sha512-BjUCxVbxMnvjs8jC4b+BQ808vwjJ9Q8NtLqPwXShZ307HdXiDFYP968ORSVfaTNNSWYDBYdMnVKJ0fYNsoZUBA==",
            "dev": true,
            "requires": {
                "onigasm": "^2.2.5",
                "vscode-textmate": "^5.2.0"
            }
        },
        "source-map": {
            "version": "0.6.1",
            "resolved": "https://registry.npmjs.org/source-map/-/source-map-0.6.1.tgz",
            "integrity": "sha512-UjgapumWlbMhkBgzT7Ykc5YXUT46F0iKu8SGXq0bcwP5dz/h0Plj6enJqjz1Zbq2l5WaqYnrVbwWOWMyF3F47g==",
            "dev": true
        },
        "tslib": {
            "version": "2.1.0",
            "resolved": "https://registry.npmjs.org/tslib/-/tslib-2.1.0.tgz",
            "integrity": "sha512-hcVC3wYEziELGGmEEXue7D75zbwIIVUMWAVbHItGPx0ziyXxrOMQx4rQEVEV45Ut/1IotuEvwqPopzIOkDMf0A==",
            "dev": true
        },
        "typedoc": {
            "version": "0.20.28",
            "resolved": "https://registry.npmjs.org/typedoc/-/typedoc-0.20.28.tgz",
            "integrity": "sha512-8j0T8u9FuyDkoe+M/3cyoaGJSVgXCY9KwVoo7TLUnmQuzXwqH+wkScY530ZEdK6G39UZ2LFTYPIrL5eykWjx6A==",
            "dev": true,
            "requires": {
                "colors": "^1.4.0",
                "fs-extra": "^9.1.0",
                "handlebars": "^4.7.7",
                "lodash": "^4.17.21",
                "lunr": "^2.3.9",
                "marked": "^2.0.0",
                "minimatch": "^3.0.0",
                "progress": "^2.0.3",
                "shelljs": "^0.8.4",
                "shiki": "^0.9.2",
                "typedoc-default-themes": "^0.12.7"
            },
            "dependencies": {
                "fs-extra": {
                    "version": "9.1.0",
                    "resolved": "https://registry.npmjs.org/fs-extra/-/fs-extra-9.1.0.tgz",
                    "integrity": "sha512-hcg3ZmepS30/7BSFqRvoo3DOMQu7IjqxO5nCDt+zM9XWjb33Wg7ziNT+Qvqbuc3+gWpzO02JubVyk2G4Zvo1OQ==",
                    "dev": true,
                    "requires": {
                        "at-least-node": "^1.0.0",
                        "graceful-fs": "^4.2.0",
                        "jsonfile": "^6.0.1",
                        "universalify": "^2.0.0"
                    }
                },
                "jsonfile": {
                    "version": "6.1.0",
                    "resolved": "https://registry.npmjs.org/jsonfile/-/jsonfile-6.1.0.tgz",
                    "integrity": "sha512-5dgndWOriYSm5cnYaJNhalLNDKOqFwyDB/rr1E9ZsGciGvKPs8R2xYGCacuf3z6K1YKDz182fd+fY3cn3pMqXQ==",
                    "dev": true,
                    "requires": {
                        "graceful-fs": "^4.1.6",
                        "universalify": "^2.0.0"
                    }
                },
                "universalify": {
                    "version": "2.0.0",
                    "resolved": "https://registry.npmjs.org/universalify/-/universalify-2.0.0.tgz",
                    "integrity": "sha512-hAZsKq7Yy11Zu1DE0OzWjw7nnLZmJZYTDZZyEFHZdUhV8FkH5MCfoU1XMaxXovpyW5nq5scPqq0ZDP9Zyl04oQ==",
                    "dev": true
                }
            }
        },
        "typedoc-default-themes": {
            "version": "0.12.7",
            "resolved": "https://registry.npmjs.org/typedoc-default-themes/-/typedoc-default-themes-0.12.7.tgz",
            "integrity": "sha512-0XAuGEqID+gon1+fhi4LycOEFM+5Mvm2PjwaiVZNAzU7pn3G2DEpsoXnFOPlLDnHY6ZW0BY0nO7ur9fHOFkBLQ==",
            "dev": true
        },
        "typescript": {
            "version": "4.2.2",
            "resolved": "https://registry.npmjs.org/typescript/-/typescript-4.2.2.tgz",
            "integrity": "sha512-tbb+NVrLfnsJy3M59lsDgrzWIflR4d4TIUjz+heUnHZwdF7YsrMTKoRERiIvI2lvBG95dfpLxB21WZhys1bgaQ==",
            "dev": true
        },
        "uglify-js": {
            "version": "3.13.0",
            "resolved": "https://registry.npmjs.org/uglify-js/-/uglify-js-3.13.0.tgz",
            "integrity": "sha512-TWYSWa9T2pPN4DIJYbU9oAjQx+5qdV5RUDxwARg8fmJZrD/V27Zj0JngW5xg1DFz42G0uDYl2XhzF6alSzD62w==",
            "dev": true,
            "optional": true
        },
        "universalify": {
            "version": "0.1.2",
            "resolved": "https://registry.npmjs.org/universalify/-/universalify-0.1.2.tgz",
            "integrity": "sha512-rBJeI5CXAlmy1pV+617WB9J63U6XcazHHF2f2dbJix4XzpUF0RS3Zbj0FGIOCAva5P/d/GBOYaACQ1w+0azUkg==",
            "dev": true
        },
        "url": {
            "version": "0.11.0",
            "resolved": "https://registry.npmjs.org/url/-/url-0.11.0.tgz",
            "integrity": "sha1-ODjpfPxgUh63PFJajlW/3Z4uKPE=",
            "requires": {
                "punycode": "1.3.2",
                "querystring": "0.2.0"
            }
        },
        "vscode-textmate": {
            "version": "5.2.0",
            "resolved": "https://registry.npmjs.org/vscode-textmate/-/vscode-textmate-5.2.0.tgz",
            "integrity": "sha512-Uw5ooOQxRASHgu6C7GVvUxisKXfSgW4oFlO+aa+PAkgmH89O3CXxEEzNRNtHSqtXFTl0nAC1uYj0GMSH27uwtQ==",
            "dev": true
        },
        "wordwrap": {
            "version": "1.0.0",
            "resolved": "https://registry.npmjs.org/wordwrap/-/wordwrap-1.0.0.tgz",
            "integrity": "sha1-J1hIEIkUVqQXHI0CJkQa3pDLyus=",
            "dev": true
        },
        "wrappy": {
            "version": "1.0.2",
            "resolved": "https://registry.npmjs.org/wrappy/-/wrappy-1.0.2.tgz",
            "integrity": "sha1-tSQ9jz7BqjXxNkYFvA0QNuMKtp8=",
            "dev": true
        },
        "yallist": {
            "version": "3.1.1",
            "resolved": "https://registry.npmjs.org/yallist/-/yallist-3.1.1.tgz",
            "integrity": "sha512-a4UGQaWPH59mOXUYnAG2ewncQS4i4F43Tv3JoAM+s2VDAmS9NsK8GpDMLrCHPksFT7h3K6TOoUNn2pb7RoXx4g==",
            "dev": true
        }
    }
}
