{
  "name": "pixi-scenegraph",
  "version": "1.6.0",
  "lockfileVersion": 1,
  "requires": true,
  "dependencies": {
    "@babel/code-frame": {
      "version": "7.8.3",
      "resolved": "https://registry.npmjs.org/@babel/code-frame/-/code-frame-7.8.3.tgz",
      "integrity": "sha512-a9gxpmdXtZEInkCSHUJDLHZVBgb1QS0jhss4cPP93EW7s+uC5bikET2twEF3KV+7rDblJcmNvTR7VJejqd2C2g==",
      "dev": true,
      "requires": {
        "@babel/highlight": "^7.8.3"
      }
    },
    "@babel/highlight": {
      "version": "7.8.3",
      "resolved": "https://registry.npmjs.org/@babel/highlight/-/highlight-7.8.3.tgz",
      "integrity": "sha512-PX4y5xQUvy0fnEVHrYOarRPXVWafSjTW9T0Hab8gVIawpl2Sj0ORyrygANq+KjcNlSSTw0YCLSNA8OyZ1I4yEg==",
      "dev": true,
      "requires": {
        "chalk": "^2.0.0",
        "esutils": "^2.0.2",
        "js-tokens": "^4.0.0"
      }
    },
    "@pixi/accessibility": {
      "version": "5.2.0",
      "resolved": "https://registry.npmjs.org/@pixi/accessibility/-/accessibility-5.2.0.tgz",
      "integrity": "sha512-IXnCy9YmzXl9/rMiXOzgFpP7onW0YNSnVQtFotonCEPd2azM/1p3Fy7wRTcpfOJm/JsMZRbnDeE/wB9Shg9/QQ==",
      "dev": true,
      "requires": {
        "@pixi/core": "^5.2.0",
        "@pixi/display": "^5.2.0",
        "@pixi/utils": "^5.2.0"
      }
    },
    "@pixi/app": {
      "version": "5.2.0",
      "resolved": "https://registry.npmjs.org/@pixi/app/-/app-5.2.0.tgz",
      "integrity": "sha512-5rhjAGPruzC3w6+knySIWk4II1Td8Fw0LVfg1K48BRXI1mLXCrZ3tJb6hdFuBPhgeIDz1tUwecJ4KfkJOWgqPg==",
      "dev": true,
      "requires": {
        "@pixi/core": "^5.2.0",
        "@pixi/display": "^5.2.0"
      }
    },
    "@pixi/constants": {
      "version": "5.2.0",
      "resolved": "https://registry.npmjs.org/@pixi/constants/-/constants-5.2.0.tgz",
      "integrity": "sha512-dXwzkKAvgpvOJmDBe9OQiE+HPp4uMIL/3ijHlyW0fgMqDPhtQtFcSUdSUAoFwb23Uaq56j1ejuEmly8LehJ0aQ==",
      "dev": true
    },
    "@pixi/core": {
      "version": "5.2.0",
      "resolved": "https://registry.npmjs.org/@pixi/core/-/core-5.2.0.tgz",
      "integrity": "sha512-h8UuVWHfbWVGEO3a4SQS4vk70LSFMUMPKCvVpPq/3LtIUgPVDZO3tGL4O2jFteKwbmWNIMDCpDmBMu3XlqPlNQ==",
      "dev": true,
      "requires": {
        "@pixi/constants": "^5.2.0",
        "@pixi/display": "^5.2.0",
        "@pixi/math": "^5.2.0",
        "@pixi/runner": "^5.2.0",
        "@pixi/settings": "^5.2.0",
        "@pixi/ticker": "^5.2.0",
        "@pixi/utils": "^5.2.0"
      }
    },
    "@pixi/display": {
      "version": "5.2.0",
      "resolved": "https://registry.npmjs.org/@pixi/display/-/display-5.2.0.tgz",
      "integrity": "sha512-P+exW4aI7eyqhdmi0M3HmKJI+XzDYNYAiEsKMUyyONwbHYSVdjQF5hzPuvjUYotTNZ1stCWbf0457cNNSPLOzQ==",
      "dev": true,
      "requires": {
        "@pixi/math": "^5.2.0",
        "@pixi/settings": "^5.2.0",
        "@pixi/utils": "^5.2.0"
      }
    },
    "@pixi/extract": {
      "version": "5.2.0",
      "resolved": "https://registry.npmjs.org/@pixi/extract/-/extract-5.2.0.tgz",
      "integrity": "sha512-LUDsB6z+gkSYcS8urr/JjdpLlf/z3mAjpMJDOZlcxCdPXdayVka2ruNnrWb4dvf9nV9Wg7T8v1IOFGOWpOHEdQ==",
      "dev": true,
      "requires": {
        "@pixi/core": "^5.2.0",
        "@pixi/math": "^5.2.0",
        "@pixi/utils": "^5.2.0"
      }
    },
    "@pixi/filter-alpha": {
      "version": "5.2.0",
      "resolved": "https://registry.npmjs.org/@pixi/filter-alpha/-/filter-alpha-5.2.0.tgz",
      "integrity": "sha512-Jv/eqSt6zmKr9oGoi4UgUWA/pgxhyBSGMtUWMHiwuqjkXWl4Em4bC5l0f5GUX85xqMCRLwvOeqOH+fBE9fKadw==",
      "dev": true,
      "requires": {
        "@pixi/core": "^5.2.0"
      }
    },
    "@pixi/filter-blur": {
      "version": "5.2.0",
      "resolved": "https://registry.npmjs.org/@pixi/filter-blur/-/filter-blur-5.2.0.tgz",
      "integrity": "sha512-052qyY+X3HMEvHdorqXIbe+iODK0Sj3j8goZMvOL2qATW6bDBGRuwrO2rGZ70BnmGgrbIrXzDVemwo9uLWEZSA==",
      "dev": true,
      "requires": {
        "@pixi/core": "^5.2.0",
        "@pixi/settings": "^5.2.0"
      }
    },
    "@pixi/filter-color-matrix": {
      "version": "5.2.0",
      "resolved": "https://registry.npmjs.org/@pixi/filter-color-matrix/-/filter-color-matrix-5.2.0.tgz",
      "integrity": "sha512-wtPzz+2NtP9zDW9cFn/lTryf97/DYwka4yi9A+sMCteoATsrZJCKz0zzPV5AORKv0hpCfu9wGYTISItOC8mBKw==",
      "dev": true,
      "requires": {
        "@pixi/core": "^5.2.0"
      }
    },
    "@pixi/filter-displacement": {
      "version": "5.2.0",
      "resolved": "https://registry.npmjs.org/@pixi/filter-displacement/-/filter-displacement-5.2.0.tgz",
      "integrity": "sha512-489KUlNF4ZmHZPNmI2X77cE95sfbvvw5NASeNXKmbCn5xi2gPSxiPMTv4XUTdhdOKxNcy81NFEQicG21eW335Q==",
      "dev": true,
      "requires": {
        "@pixi/core": "^5.2.0",
        "@pixi/math": "^5.2.0"
      }
    },
    "@pixi/filter-fxaa": {
      "version": "5.2.0",
      "resolved": "https://registry.npmjs.org/@pixi/filter-fxaa/-/filter-fxaa-5.2.0.tgz",
      "integrity": "sha512-rlhC65BALzQAVBEXYzr8bKqyhZIWLco+VWJ7Fs8D3bJCutyu6xX6d7XDAqQW5SmJCNrIdaKvl/B6Xzer/+z8DA==",
      "dev": true,
      "requires": {
        "@pixi/core": "^5.2.0"
      }
    },
    "@pixi/filter-noise": {
      "version": "5.2.0",
      "resolved": "https://registry.npmjs.org/@pixi/filter-noise/-/filter-noise-5.2.0.tgz",
      "integrity": "sha512-7IBHqjuze5VEMYOKPz/O7wR3mks7xvYKvWmUaLV7FopUtDUFjklrVBWY39nBOsXKXm0qLOkkdKcwsqyXZ7xOFg==",
      "dev": true,
      "requires": {
        "@pixi/core": "^5.2.0"
      }
    },
    "@pixi/graphics": {
      "version": "5.2.0",
      "resolved": "https://registry.npmjs.org/@pixi/graphics/-/graphics-5.2.0.tgz",
      "integrity": "sha512-sXmN8CEjzd56wVh18AOv1cxsB70tP1FWIukTPg8EaSlhiFqiclQDGkf6mKDajuVrj7JhBjvFenKmv3ADYnLkqA==",
      "dev": true,
      "requires": {
        "@pixi/constants": "^5.2.0",
        "@pixi/core": "^5.2.0",
        "@pixi/display": "^5.2.0",
        "@pixi/math": "^5.2.0",
        "@pixi/sprite": "^5.2.0",
        "@pixi/utils": "^5.2.0"
      }
    },
    "@pixi/interaction": {
      "version": "5.2.0",
      "resolved": "https://registry.npmjs.org/@pixi/interaction/-/interaction-5.2.0.tgz",
      "integrity": "sha512-YoFGrwkKgNFsusXObcfgKJtLxjqeOaek3tZxssnZZOUSzIJGQ4mLur2I36C2AAufB+GxBL38TiP1nkAVurMC6A==",
      "dev": true,
      "requires": {
        "@pixi/core": "^5.2.0",
        "@pixi/display": "^5.2.0",
        "@pixi/math": "^5.2.0",
        "@pixi/ticker": "^5.2.0",
        "@pixi/utils": "^5.2.0"
      }
    },
    "@pixi/loaders": {
      "version": "5.2.0",
      "resolved": "https://registry.npmjs.org/@pixi/loaders/-/loaders-5.2.0.tgz",
      "integrity": "sha512-lKd5RYGQ86NoQNFcu/IYLEkC/oa6XypDKewG9LDd7n9XKKeed0NRipg7HhcYVsliayYkszoQ/JdzidV/yxnHYw==",
      "dev": true,
      "requires": {
        "@pixi/core": "^5.2.0",
        "@pixi/utils": "^5.2.0",
        "resource-loader": "^3.0.1"
      }
    },
    "@pixi/math": {
      "version": "5.2.0",
      "resolved": "https://registry.npmjs.org/@pixi/math/-/math-5.2.0.tgz",
      "integrity": "sha512-Y21H/kMluJqZ/QWb8cdXuZlib6G26QfZtgc85KbSJmjpMVWw03g0OELqFqOhsMzNanXp3B4OL1ZsNXnp0lWROQ==",
      "dev": true
    },
    "@pixi/mesh": {
      "version": "5.2.0",
      "resolved": "https://registry.npmjs.org/@pixi/mesh/-/mesh-5.2.0.tgz",
      "integrity": "sha512-GTgxMlK3T2aWNk2CpWw6+zDXzOxDN15v4noVM6hqm691GQn6HXD68J14BHJhZxuP3PU9VD7/FARooMtAwaxVvg==",
      "dev": true,
      "requires": {
        "@pixi/constants": "^5.2.0",
        "@pixi/core": "^5.2.0",
        "@pixi/display": "^5.2.0",
        "@pixi/math": "^5.2.0",
        "@pixi/settings": "^5.2.0",
        "@pixi/utils": "^5.2.0"
      }
    },
    "@pixi/mesh-extras": {
      "version": "5.2.0",
      "resolved": "https://registry.npmjs.org/@pixi/mesh-extras/-/mesh-extras-5.2.0.tgz",
      "integrity": "sha512-vmBcV3sRqHWZIfwd8GQEscqR8zzsgCLXdgE/tWOCGqgGbv0+mv25y/vRnRnL42YXZb/sPU1RrtgnDr7xHNVL2w==",
      "dev": true,
      "requires": {
        "@pixi/constants": "^5.2.0",
        "@pixi/core": "^5.2.0",
        "@pixi/math": "^5.2.0",
        "@pixi/mesh": "^5.2.0",
        "@pixi/utils": "^5.2.0"
      }
    },
    "@pixi/mixin-cache-as-bitmap": {
      "version": "5.2.0",
      "resolved": "https://registry.npmjs.org/@pixi/mixin-cache-as-bitmap/-/mixin-cache-as-bitmap-5.2.0.tgz",
      "integrity": "sha512-VaFxBiPFu5Ii3T/vwe+QozvQk/OMLApe0eTSXCzAZspijVCGVmnalTqDgY9GC6SvuLG967jRTdEwCAsc+w2uXA==",
      "dev": true,
      "requires": {
        "@pixi/core": "^5.2.0",
        "@pixi/display": "^5.2.0",
        "@pixi/math": "^5.2.0",
        "@pixi/settings": "^5.2.0",
        "@pixi/sprite": "^5.2.0",
        "@pixi/utils": "^5.2.0"
      }
    },
    "@pixi/mixin-get-child-by-name": {
      "version": "5.2.0",
      "resolved": "https://registry.npmjs.org/@pixi/mixin-get-child-by-name/-/mixin-get-child-by-name-5.2.0.tgz",
      "integrity": "sha512-exL50cOrjOmJ02++Q56AamYkVKt7RqwdM0QQdfmJKRX9r8cG9u09IKW2/hWKGbyqNoP5gGORtZvXRCJG8JYH/A==",
      "dev": true,
      "requires": {
        "@pixi/display": "^5.2.0"
      }
    },
    "@pixi/mixin-get-global-position": {
      "version": "5.2.0",
      "resolved": "https://registry.npmjs.org/@pixi/mixin-get-global-position/-/mixin-get-global-position-5.2.0.tgz",
      "integrity": "sha512-9P2EeymV23OonCVOdgYu0ZFlUZoCXh0wK/6wf6wb0N4Nefcz0mPfafHV5gp/qwCgB9OJk4RLKna1BDfxXn4LCA==",
      "dev": true,
      "requires": {
        "@pixi/display": "^5.2.0",
        "@pixi/math": "^5.2.0"
      }
    },
    "@pixi/particles": {
      "version": "5.2.0",
      "resolved": "https://registry.npmjs.org/@pixi/particles/-/particles-5.2.0.tgz",
      "integrity": "sha512-uB86M9hpiamclCOLMk6go0WJGXoiNfNzIIiC5OmUt61Fk3TSZiXbF//xWt/NB/unm3+WhycudSfR1IhLL1OdSw==",
      "dev": true,
      "requires": {
        "@pixi/constants": "^5.2.0",
        "@pixi/core": "^5.2.0",
        "@pixi/display": "^5.2.0",
        "@pixi/math": "^5.2.0",
        "@pixi/utils": "^5.2.0"
      }
    },
    "@pixi/polyfill": {
      "version": "5.2.0",
      "resolved": "https://registry.npmjs.org/@pixi/polyfill/-/polyfill-5.2.0.tgz",
      "integrity": "sha512-xvwJ0vRVwf6fByvGTRzOsAv0N5GmopVI+pT5MV8Rk4AoqGQ8vWkhQQ8jy7PS4g0ak2DpwVrcTwUjxfrmjJCYTw==",
      "dev": true,
      "requires": {
        "es6-promise-polyfill": "^1.2.0",
        "object-assign": "^4.1.1"
      }
    },
    "@pixi/prepare": {
      "version": "5.2.0",
      "resolved": "https://registry.npmjs.org/@pixi/prepare/-/prepare-5.2.0.tgz",
      "integrity": "sha512-WE/VUIJXFrYMXFmWom4BZYB78IHQNeRZfN1SDN4X11cOciFH8uDafDpkMsjND95HZAqw+yQPU2pKResQnWEtag==",
      "dev": true,
      "requires": {
        "@pixi/core": "^5.2.0",
        "@pixi/display": "^5.2.0",
        "@pixi/graphics": "^5.2.0",
        "@pixi/settings": "^5.2.0",
        "@pixi/text": "^5.2.0",
        "@pixi/ticker": "^5.2.0"
      }
    },
    "@pixi/runner": {
      "version": "5.2.0",
      "resolved": "https://registry.npmjs.org/@pixi/runner/-/runner-5.2.0.tgz",
      "integrity": "sha512-vy/SGG8QFHMrWAqebMQdhxl/l6WlIbHXMDNDCYBWwXKYjmKzycrrj2o/mK9cBko8WDuoTRZ0Pe3JZ3XDYEsn9w==",
      "dev": true
    },
    "@pixi/settings": {
      "version": "5.2.0",
      "resolved": "https://registry.npmjs.org/@pixi/settings/-/settings-5.2.0.tgz",
      "integrity": "sha512-AIxcUbgM3mh2QxS+nxNcPsqnJEBg3x/UO9ZpNMRhed9UPM/5mQ8CGZUMLTzIxhjSS16Do4uK9vZikMjV8dXm/Q==",
      "dev": true,
      "requires": {
        "ismobilejs": "^0.5.1"
      }
    },
    "@pixi/sprite": {
      "version": "5.2.0",
      "resolved": "https://registry.npmjs.org/@pixi/sprite/-/sprite-5.2.0.tgz",
      "integrity": "sha512-IW+S2Cs3MTcMSrsSA5fjk+xx3Q8eNrsT4hGVXy6JxViv3IknIqbyQwdSFGAyoowOwzhyg7xJExz7VDZRQBBLwg==",
      "dev": true,
      "requires": {
        "@pixi/constants": "^5.2.0",
        "@pixi/core": "^5.2.0",
        "@pixi/display": "^5.2.0",
        "@pixi/math": "^5.2.0",
        "@pixi/settings": "^5.2.0",
        "@pixi/utils": "^5.2.0"
      }
    },
    "@pixi/sprite-animated": {
      "version": "5.2.0",
      "resolved": "https://registry.npmjs.org/@pixi/sprite-animated/-/sprite-animated-5.2.0.tgz",
      "integrity": "sha512-Liy5s3CKh2MuSJeVYX7w8mJ0//WMUPm/4ZHRJqRJApijjlXSxcnhHNxIMRLDb8iJNmqaoOi9qMUgK0AkGWuAtA==",
      "dev": true,
      "requires": {
        "@pixi/core": "^5.2.0",
        "@pixi/sprite": "^5.2.0",
        "@pixi/ticker": "^5.2.0"
      }
    },
    "@pixi/sprite-tiling": {
      "version": "5.2.0",
      "resolved": "https://registry.npmjs.org/@pixi/sprite-tiling/-/sprite-tiling-5.2.0.tgz",
      "integrity": "sha512-iLQ98PrUVKqVzTYJsu+ZMCIRsJ1wapg55tf+m/78KK+h0WmgY70CJbO/A68dTqYZMLR39XPCtUp9bXXzXNEEdQ==",
      "dev": true,
      "requires": {
        "@pixi/constants": "^5.2.0",
        "@pixi/core": "^5.2.0",
        "@pixi/display": "^5.2.0",
        "@pixi/math": "^5.2.0",
        "@pixi/sprite": "^5.2.0",
        "@pixi/utils": "^5.2.0"
      }
    },
    "@pixi/spritesheet": {
      "version": "5.2.0",
      "resolved": "https://registry.npmjs.org/@pixi/spritesheet/-/spritesheet-5.2.0.tgz",
      "integrity": "sha512-48WNC3tSUXbWA7ZswEacSiVh396FLe3KLhFpWk2oIJ+7MtMQ1IdtkGjAaXgv0zx0EvvnvEt1VoQVo2eALswR5Q==",
      "dev": true,
      "requires": {
        "@pixi/core": "^5.2.0",
        "@pixi/loaders": "^5.2.0",
        "@pixi/math": "^5.2.0",
        "@pixi/utils": "^5.2.0"
      }
    },
    "@pixi/text": {
      "version": "5.2.0",
      "resolved": "https://registry.npmjs.org/@pixi/text/-/text-5.2.0.tgz",
      "integrity": "sha512-enEq/rJYXVobyGeTXCBTbRMlnKc7am+/WicymRt1bT7ia8L8A00xgOdEbfg6OeP2jLcyBVnopFhgHFe8jcp07Q==",
      "dev": true,
      "requires": {
        "@pixi/core": "^5.2.0",
        "@pixi/math": "^5.2.0",
        "@pixi/settings": "^5.2.0",
        "@pixi/sprite": "^5.2.0",
        "@pixi/utils": "^5.2.0"
      }
    },
    "@pixi/text-bitmap": {
      "version": "5.2.0",
      "resolved": "https://registry.npmjs.org/@pixi/text-bitmap/-/text-bitmap-5.2.0.tgz",
      "integrity": "sha512-RZD7GpQrKD+1B2wehnX0dI7ABB43JWNWoWXHl5wKfhjmPCxVmKEB9UfvOZd3sbnlxeL7BUA/gpYSxD6b6ZiA8g==",
      "dev": true,
      "requires": {
        "@pixi/core": "^5.2.0",
        "@pixi/display": "^5.2.0",
        "@pixi/loaders": "^5.2.0",
        "@pixi/math": "^5.2.0",
        "@pixi/settings": "^5.2.0",
        "@pixi/sprite": "^5.2.0",
        "@pixi/utils": "^5.2.0"
      }
    },
    "@pixi/ticker": {
      "version": "5.2.0",
      "resolved": "https://registry.npmjs.org/@pixi/ticker/-/ticker-5.2.0.tgz",
      "integrity": "sha512-6xX786cX/RWmQKeRQ3bNvg8JjS0VLA2LQy1sOmUctx2AwdZysI04k2xdw9Krtpn1mkudgAcNrTEsgPeGEjIF9Q==",
      "dev": true,
      "requires": {
        "@pixi/settings": "^5.2.0"
      }
    },
    "@pixi/utils": {
      "version": "5.2.0",
      "resolved": "https://registry.npmjs.org/@pixi/utils/-/utils-5.2.0.tgz",
      "integrity": "sha512-oMLRlvx+vWHPR06uiOvfOhtkG/LDBR3Syea9QZoIbCJE/GLYgJX8f0cVfrdI0kCgfGj4luc8/CWI745MKafUqQ==",
      "dev": true,
      "requires": {
        "@pixi/constants": "^5.2.0",
        "@pixi/settings": "^5.2.0",
        "earcut": "^2.1.5",
        "eventemitter3": "^3.1.0",
        "url": "^0.11.0"
      }
    },
    "@types/estree": {
      "version": "0.0.42",
      "resolved": "https://registry.npmjs.org/@types/estree/-/estree-0.0.42.tgz",
      "integrity": "sha512-K1DPVvnBCPxzD+G51/cxVIoc2X8uUVl1zpJeE6iKcgHMj4+tbat5Xu4TjV7v2QSDbIeAfLi2hIk+u2+s0MlpUQ==",
      "dev": true
    },
    "@types/minimatch": {
      "version": "3.0.3",
      "resolved": "https://registry.npmjs.org/@types/minimatch/-/minimatch-3.0.3.tgz",
      "integrity": "sha512-tHq6qdbT9U1IRSGf14CL0pUlULksvY9OZ+5eEgl1N7t+OA3tGvNpxJCzuKQlsNgCVwbAs670L1vcVQi8j9HjnA==",
      "dev": true
    },
    "@types/node": {
      "version": "11.13.11",
      "resolved": "https://registry.npmjs.org/@types/node/-/node-11.13.11.tgz",
      "integrity": "sha512-blLeR+KIy26km1OU8yTLUlSyVCOvT6+wPq/77tIA+uSHHa4yYQosn+bbaJqPtWId0wjVClUtD7aXzDbZeKWqig==",
      "dev": true
    },
    "acorn": {
      "version": "7.1.0",
      "resolved": "https://registry.npmjs.org/acorn/-/acorn-7.1.0.tgz",
      "integrity": "sha512-kL5CuoXA/dgxlBbVrflsflzQ3PAas7RYZB52NOm/6839iVYJgKMJ3cQJD+t2i5+qFa8h3MDpEOJiS64E8JLnSQ==",
      "dev": true
    },
    "ansi-styles": {
      "version": "3.2.1",
      "resolved": "https://registry.npmjs.org/ansi-styles/-/ansi-styles-3.2.1.tgz",
      "integrity": "sha512-VT0ZI6kZRdTh8YyJw3SMbYm/u+NqfsAxEpWO0Pf9sq8/e94WxxOpPKx9FR1FlyCtOVDNOQ+8ntlqFxiRc+r5qA==",
      "dev": true,
      "requires": {
        "color-convert": "^1.9.0"
      }
    },
    "argparse": {
      "version": "1.0.10",
      "resolved": "https://registry.npmjs.org/argparse/-/argparse-1.0.10.tgz",
      "integrity": "sha512-o5Roy6tNG4SL/FOkCAN6RzjiakZS25RLYFrcMttJqbdd8BWrnA+fGz57iN5Pb06pvBGvl5gQ0B48dJlslXvoTg==",
      "dev": true,
      "requires": {
        "sprintf-js": "~1.0.2"
      }
    },
    "backbone": {
      "version": "1.4.0",
      "resolved": "https://registry.npmjs.org/backbone/-/backbone-1.4.0.tgz",
      "integrity": "sha512-RLmDrRXkVdouTg38jcgHhyQ/2zjg7a8E6sz2zxfz21Hh17xDJYUHBZimVIt5fUyS8vbfpeSmTL3gUjTEvUV3qQ==",
      "dev": true,
      "requires": {
        "underscore": ">=1.8.3"
      }
    },
    "balanced-match": {
      "version": "1.0.0",
      "resolved": "https://registry.npmjs.org/balanced-match/-/balanced-match-1.0.0.tgz",
      "integrity": "sha1-ibTRmasr7kneFk6gK4nORi1xt2c=",
      "dev": true
    },
    "brace-expansion": {
      "version": "1.1.11",
      "resolved": "https://registry.npmjs.org/brace-expansion/-/brace-expansion-1.1.11.tgz",
      "integrity": "sha512-iCuPHDFgrHX7H2vEI/5xpz07zSHB00TpugqhmYtVmMO6518mCuRMoOYFldEBl0g187ufozdaHgWKcYFb61qGiA==",
      "dev": true,
      "requires": {
        "balanced-match": "^1.0.0",
        "concat-map": "0.0.1"
      }
    },
    "builtin-modules": {
      "version": "1.1.1",
      "resolved": "https://registry.npmjs.org/builtin-modules/-/builtin-modules-1.1.1.tgz",
      "integrity": "sha1-Jw8HbFpywC9bZaR9+Uxf46J4iS8=",
      "dev": true
    },
    "chalk": {
      "version": "2.4.2",
      "resolved": "https://registry.npmjs.org/chalk/-/chalk-2.4.2.tgz",
      "integrity": "sha512-Mti+f9lpJNcwF4tWV8/OrTTtF1gZi+f8FqlyAdouralcFWFQWF2+NgCHShjkCb+IFBLq9buZwE1xckQU4peSuQ==",
      "dev": true,
      "requires": {
        "ansi-styles": "^3.2.1",
        "escape-string-regexp": "^1.0.5",
        "supports-color": "^5.3.0"
      }
    },
    "color-convert": {
      "version": "1.9.3",
      "resolved": "https://registry.npmjs.org/color-convert/-/color-convert-1.9.3.tgz",
      "integrity": "sha512-QfAUtd+vFdAtFQcC8CCyYt1fYWxSqAiK2cSD6zDB8N3cpsEBAvRxp9zOGg6G/SHHJYAT88/az/IuDGALsNVbGg==",
      "dev": true,
      "requires": {
        "color-name": "1.1.3"
      }
    },
    "color-name": {
      "version": "1.1.3",
      "resolved": "https://registry.npmjs.org/color-name/-/color-name-1.1.3.tgz",
      "integrity": "sha1-p9BVi9icQveV3UIyj3QIMcpTvCU=",
      "dev": true
    },
    "commander": {
      "version": "2.20.3",
      "resolved": "https://registry.npmjs.org/commander/-/commander-2.20.3.tgz",
      "integrity": "sha512-GpVkmM8vF2vQUkj2LvZmD35JxeJOLCwJ9cUkugyk2nuhbv3+mJvpLYYt+0+USMxE+oj+ey/lJEnhZw75x/OMcQ==",
      "dev": true
    },
    "commondir": {
      "version": "1.0.1",
      "resolved": "https://registry.npmjs.org/commondir/-/commondir-1.0.1.tgz",
      "integrity": "sha1-3dgA2gxmEnOTzKWVDqloo6rxJTs=",
      "dev": true
    },
    "concat-map": {
      "version": "0.0.1",
      "resolved": "https://registry.npmjs.org/concat-map/-/concat-map-0.0.1.tgz",
      "integrity": "sha1-2Klr13/Wjfd5OnMDajug1UBdR3s=",
      "dev": true
    },
    "diff": {
      "version": "4.0.2",
      "resolved": "https://registry.npmjs.org/diff/-/diff-4.0.2.tgz",
      "integrity": "sha512-58lmxKSA4BNyLz+HHMUzlOEpg09FV+ev6ZMe3vJihgdxzgcwZ8VoEEPmALCZG9LmqfVoNMMKpttIYTVG6uDY7A==",
      "dev": true
    },
    "earcut": {
      "version": "2.2.2",
      "resolved": "https://registry.npmjs.org/earcut/-/earcut-2.2.2.tgz",
      "integrity": "sha512-eZoZPPJcUHnfRZ0PjLvx2qBordSiO8ofC3vt+qACLM95u+4DovnbYNpQtJh0DNsWj8RnxrQytD4WA8gj5cRIaQ==",
      "dev": true
    },
    "es6-promise-polyfill": {
      "version": "1.2.0",
      "resolved": "https://registry.npmjs.org/es6-promise-polyfill/-/es6-promise-polyfill-1.2.0.tgz",
      "integrity": "sha1-84kl8jyz4+jObNqP93T867sJDN4=",
      "dev": true
    },
    "escape-string-regexp": {
      "version": "1.0.5",
      "resolved": "https://registry.npmjs.org/escape-string-regexp/-/escape-string-regexp-1.0.5.tgz",
      "integrity": "sha1-G2HAViGQqN/2rjuyzwIAyhMLhtQ=",
      "dev": true
    },
    "esprima": {
      "version": "4.0.1",
      "resolved": "https://registry.npmjs.org/esprima/-/esprima-4.0.1.tgz",
      "integrity": "sha512-eGuFFw7Upda+g4p+QHvnW0RyTX/SVeJBDM/gCtMARO0cLuT2HcEKnTPvhjV6aGeqrCB/sbNop0Kszm0jsaWU4A==",
      "dev": true
    },
    "estree-walker": {
      "version": "0.6.1",
      "resolved": "https://registry.npmjs.org/estree-walker/-/estree-walker-0.6.1.tgz",
      "integrity": "sha512-SqmZANLWS0mnatqbSfRP5g8OXZC12Fgg1IwNtLsyHDzJizORW4khDfjPqJZsemPWBB2uqykUah5YpQ6epsqC/w==",
      "dev": true
    },
    "esutils": {
      "version": "2.0.3",
      "resolved": "https://registry.npmjs.org/esutils/-/esutils-2.0.3.tgz",
      "integrity": "sha512-kVscqXk4OCp68SZ0dkgEKVi6/8ij300KBWTJq32P/dYeWTSwK41WyTxalN1eRmA5Z9UU/LX9D7FWSmV9SAYx6g==",
      "dev": true
    },
    "eventemitter3": {
      "version": "3.1.2",
      "resolved": "https://registry.npmjs.org/eventemitter3/-/eventemitter3-3.1.2.tgz",
      "integrity": "sha512-tvtQIeLVHjDkJYnzf2dgVMxfuSGJeM/7UCG17TT4EumTfNtF+0nebF/4zWOIkCreAbtNqhGEboB6BWrwqNaw4Q==",
      "dev": true
    },
    "find-cache-dir": {
      "version": "3.2.0",
      "resolved": "https://registry.npmjs.org/find-cache-dir/-/find-cache-dir-3.2.0.tgz",
      "integrity": "sha512-1JKclkYYsf1q9WIJKLZa9S9muC+08RIjzAlLrK4QcYLJMS6mk9yombQ9qf+zJ7H9LS800k0s44L4sDq9VYzqyg==",
      "dev": true,
      "requires": {
        "commondir": "^1.0.1",
        "make-dir": "^3.0.0",
        "pkg-dir": "^4.1.0"
      }
    },
    "find-up": {
      "version": "4.1.0",
      "resolved": "https://registry.npmjs.org/find-up/-/find-up-4.1.0.tgz",
      "integrity": "sha512-PpOwAdQ/YlXQ2vj8a3h8IipDuYRi3wceVQQGYWxNINccq40Anw7BlsEXCMbt1Zt+OLA6Fq9suIpIWD0OsnISlw==",
      "dev": true,
      "requires": {
        "locate-path": "^5.0.0",
        "path-exists": "^4.0.0"
      }
    },
    "fs-extra": {
      "version": "8.1.0",
      "resolved": "https://registry.npmjs.org/fs-extra/-/fs-extra-8.1.0.tgz",
      "integrity": "sha512-yhlQgA6mnOJUKOsRUFsgJdQCvkKhcz8tlZG5HBQfReYZy46OwLcY+Zia0mtdHsOo9y/hP+CxMN0TU9QxoOtG4g==",
      "dev": true,
      "requires": {
        "graceful-fs": "^4.2.0",
        "jsonfile": "^4.0.0",
        "universalify": "^0.1.0"
      }
    },
    "fs.realpath": {
      "version": "1.0.0",
      "resolved": "https://registry.npmjs.org/fs.realpath/-/fs.realpath-1.0.0.tgz",
      "integrity": "sha1-FQStJSMVjKpA20onh8sBQRmU6k8=",
      "dev": true
    },
    "glob": {
      "version": "7.1.6",
      "resolved": "https://registry.npmjs.org/glob/-/glob-7.1.6.tgz",
      "integrity": "sha512-LwaxwyZ72Lk7vZINtNNrywX0ZuLyStrdDtabefZKAY5ZGJhVtgdznluResxNmPitE0SAO+O26sWTHeKSI2wMBA==",
      "dev": true,
      "requires": {
        "fs.realpath": "^1.0.0",
        "inflight": "^1.0.4",
        "inherits": "2",
        "minimatch": "^3.0.4",
        "once": "^1.3.0",
        "path-is-absolute": "^1.0.0"
      }
    },
    "graceful-fs": {
      "version": "4.2.3",
      "resolved": "https://registry.npmjs.org/graceful-fs/-/graceful-fs-4.2.3.tgz",
      "integrity": "sha512-a30VEBm4PEdx1dRB7MFK7BejejvCvBronbLjht+sHuGYj8PHs7M/5Z+rt5lw551vZ7yfTCj4Vuyy3mSJytDWRQ==",
      "dev": true
    },
    "handlebars": {
      "version": "4.7.2",
      "resolved": "https://registry.npmjs.org/handlebars/-/handlebars-4.7.2.tgz",
      "integrity": "sha512-4PwqDL2laXtTWZghzzCtunQUTLbo31pcCJrd/B/9JP8XbhVzpS5ZXuKqlOzsd1rtcaLo4KqAn8nl8mkknS4MHw==",
      "dev": true,
      "requires": {
        "neo-async": "^2.6.0",
        "optimist": "^0.6.1",
        "source-map": "^0.6.1",
        "uglify-js": "^3.1.4"
      }
    },
    "has-flag": {
      "version": "3.0.0",
      "resolved": "https://registry.npmjs.org/has-flag/-/has-flag-3.0.0.tgz",
      "integrity": "sha1-tdRU3CGZriJWmfNGfloH87lVuv0=",
      "dev": true
    },
    "highlight.js": {
      "version": "9.18.0",
      "resolved": "https://registry.npmjs.org/highlight.js/-/highlight.js-9.18.0.tgz",
      "integrity": "sha512-A97kI1KAUzKoAiEoaGcf2O9YPS8nbDTCRFokaaeBhnqjQTvbAuAJrQMm21zw8s8xzaMtCQBtgbyGXLGxdxQyqQ==",
      "dev": true
    },
    "inflight": {
      "version": "1.0.6",
      "resolved": "https://registry.npmjs.org/inflight/-/inflight-1.0.6.tgz",
      "integrity": "sha1-Sb1jMdfQLQwJvJEKEHW6gWW1bfk=",
      "dev": true,
      "requires": {
        "once": "^1.3.0",
        "wrappy": "1"
      }
    },
    "inherits": {
      "version": "2.0.4",
      "resolved": "https://registry.npmjs.org/inherits/-/inherits-2.0.4.tgz",
      "integrity": "sha512-k/vGaX4/Yla3WzyMCvTQOXYeIHvqOKtnqBduzTHpzpQZzAskKMhZ2K+EnBiSM9zGSoIFeMpXKxa4dYeZIQqewQ==",
      "dev": true
    },
    "interpret": {
      "version": "1.2.0",
      "resolved": "https://registry.npmjs.org/interpret/-/interpret-1.2.0.tgz",
      "integrity": "sha512-mT34yGKMNceBQUoVn7iCDKDntA7SC6gycMAWzGx1z/CMCTV7b2AAtXlo3nRyHZ1FelRkQbQjprHSYGwzLtkVbw==",
      "dev": true
    },
    "ismobilejs": {
      "version": "0.5.2",
      "resolved": "https://registry.npmjs.org/ismobilejs/-/ismobilejs-0.5.2.tgz",
      "integrity": "sha512-ta9UdV60xVZk/ZafFtSFslQaE76SvNkcs1r73d2PVR21zVzx9xuYv9tNe4MxA1NN7WoeCc2RjGot3Bz1eHDx3Q==",
      "dev": true
    },
    "jquery": {
      "version": "3.4.1",
      "resolved": "https://registry.npmjs.org/jquery/-/jquery-3.4.1.tgz",
      "integrity": "sha512-36+AdBzCL+y6qjw5Tx7HgzeGCzC81MDDgaUP8ld2zhx58HdqXGoBd+tHdrBMiyjGQs0Hxs/MLZTu/eHNJJuWPw==",
      "dev": true
    },
    "js-tokens": {
      "version": "4.0.0",
      "resolved": "https://registry.npmjs.org/js-tokens/-/js-tokens-4.0.0.tgz",
      "integrity": "sha512-RdJUflcE3cUzKiMqQgsCu06FPu9UdIJO0beYbPhHN4k6apgJtifcoCtT9bcxOpYBtpD2kCM6Sbzg4CausW/PKQ==",
      "dev": true
    },
    "js-yaml": {
      "version": "3.13.1",
      "resolved": "https://registry.npmjs.org/js-yaml/-/js-yaml-3.13.1.tgz",
      "integrity": "sha512-YfbcO7jXDdyj0DGxYVSlSeQNHbD7XPWvrVWeVUujrQEoZzWJIRrCPoyk6kL6IAjAG2IolMK4T0hNUe0HOUs5Jw==",
      "dev": true,
      "requires": {
        "argparse": "^1.0.7",
        "esprima": "^4.0.0"
      }
    },
    "jsonfile": {
      "version": "4.0.0",
      "resolved": "https://registry.npmjs.org/jsonfile/-/jsonfile-4.0.0.tgz",
      "integrity": "sha1-h3Gq4HmbZAdrdmQPygWPnBDjPss=",
      "dev": true,
      "requires": {
        "graceful-fs": "^4.1.6"
      }
    },
    "locate-path": {
      "version": "5.0.0",
      "resolved": "https://registry.npmjs.org/locate-path/-/locate-path-5.0.0.tgz",
      "integrity": "sha512-t7hw9pI+WvuwNJXwk5zVHpyhIqzg2qTlklJOf0mVxGSbe3Fp2VieZcduNYjaLDoy6p9uGpQEGWG87WpMKlNq8g==",
      "dev": true,
      "requires": {
        "p-locate": "^4.1.0"
      }
    },
    "lodash": {
      "version": "4.17.15",
      "resolved": "https://registry.npmjs.org/lodash/-/lodash-4.17.15.tgz",
      "integrity": "sha512-8xOcRHvCjnocdS5cpwXQXVzmmh5e5+saE2QGoeQmbKmRS6J3VQppPOIt0MnmE+4xlZoumy0GPG0D0MVIQbNA1A==",
      "dev": true
    },
    "lunr": {
      "version": "2.3.8",
      "resolved": "https://registry.npmjs.org/lunr/-/lunr-2.3.8.tgz",
      "integrity": "sha512-oxMeX/Y35PNFuZoHp+jUj5OSEmLCaIH4KTFJh7a93cHBoFmpw2IoPs22VIz7vyO2YUnx2Tn9dzIwO2P/4quIRg==",
      "dev": true
    },
    "make-dir": {
      "version": "3.0.0",
      "resolved": "https://registry.npmjs.org/make-dir/-/make-dir-3.0.0.tgz",
      "integrity": "sha512-grNJDhb8b1Jm1qeqW5R/O63wUo4UXo2v2HMic6YT9i/HBlF93S8jkMgH7yugvY9ABDShH4VZMn8I+U8+fCNegw==",
      "dev": true,
      "requires": {
        "semver": "^6.0.0"
      }
    },
    "marked": {
      "version": "0.8.0",
      "resolved": "https://registry.npmjs.org/marked/-/marked-0.8.0.tgz",
      "integrity": "sha512-MyUe+T/Pw4TZufHkzAfDj6HarCBWia2y27/bhuYkTaiUnfDYFnCP3KUN+9oM7Wi6JA2rymtVYbQu3spE0GCmxQ==",
      "dev": true
    },
    "mini-signals": {
      "version": "1.2.0",
      "resolved": "https://registry.npmjs.org/mini-signals/-/mini-signals-1.2.0.tgz",
      "integrity": "sha1-RbCAE8X65RokqhqTXNMXye1yHXQ=",
      "dev": true
    },
    "minimatch": {
      "version": "3.0.4",
      "resolved": "https://registry.npmjs.org/minimatch/-/minimatch-3.0.4.tgz",
      "integrity": "sha512-yJHVQEhyqPLUTgt9B83PXu6W3rx4MvvHvSUvToogpwoGDOUQ+yDrR0HRot+yOCdCO7u4hX3pWft6kWBBcqh0UA==",
      "dev": true,
      "requires": {
        "brace-expansion": "^1.1.7"
      }
    },
    "minimist": {
      "version": "0.0.8",
      "resolved": "https://registry.npmjs.org/minimist/-/minimist-0.0.8.tgz",
      "integrity": "sha1-hX/Kv8M5fSYluCKCYuhqp6ARsF0=",
      "dev": true
    },
    "mkdirp": {
      "version": "0.5.1",
      "resolved": "https://registry.npmjs.org/mkdirp/-/mkdirp-0.5.1.tgz",
      "integrity": "sha1-MAV0OOrGz3+MR2fzhkjWaX11yQM=",
      "dev": true,
      "requires": {
        "minimist": "0.0.8"
      }
    },
    "neo-async": {
      "version": "2.6.1",
      "resolved": "https://registry.npmjs.org/neo-async/-/neo-async-2.6.1.tgz",
      "integrity": "sha512-iyam8fBuCUpWeKPGpaNMetEocMt364qkCsfL9JuhjXX6dRnguRVOfk2GZaDpPjcOKiiXCPINZC1GczQ7iTq3Zw==",
      "dev": true
    },
    "object-assign": {
      "version": "4.1.1",
      "resolved": "https://registry.npmjs.org/object-assign/-/object-assign-4.1.1.tgz",
      "integrity": "sha1-IQmtx5ZYh8/AXLvUQsrIv7s2CGM=",
      "dev": true
    },
    "once": {
      "version": "1.4.0",
      "resolved": "https://registry.npmjs.org/once/-/once-1.4.0.tgz",
      "integrity": "sha1-WDsap3WWHUsROsF9nFC6753Xa9E=",
      "dev": true,
      "requires": {
        "wrappy": "1"
      }
    },
    "optimist": {
      "version": "0.6.1",
      "resolved": "https://registry.npmjs.org/optimist/-/optimist-0.6.1.tgz",
      "integrity": "sha1-2j6nRob6IaGaERwybpDrFaAZZoY=",
      "dev": true,
      "requires": {
        "minimist": "~0.0.1",
        "wordwrap": "~0.0.2"
      }
    },
    "p-limit": {
      "version": "2.2.2",
      "resolved": "https://registry.npmjs.org/p-limit/-/p-limit-2.2.2.tgz",
      "integrity": "sha512-WGR+xHecKTr7EbUEhyLSh5Dube9JtdiG78ufaeLxTgpudf/20KqyMioIUZJAezlTIi6evxuoUs9YXc11cU+yzQ==",
      "dev": true,
      "requires": {
        "p-try": "^2.0.0"
      }
    },
    "p-locate": {
      "version": "4.1.0",
      "resolved": "https://registry.npmjs.org/p-locate/-/p-locate-4.1.0.tgz",
      "integrity": "sha512-R79ZZ/0wAxKGu3oYMlz8jy/kbhsNrS7SKZ7PxEHBgJ5+F2mtFW2fK2cOtBh1cHYkQsbzFV7I+EoRKe6Yt0oK7A==",
      "dev": true,
      "requires": {
        "p-limit": "^2.2.0"
      }
    },
    "p-try": {
      "version": "2.2.0",
      "resolved": "https://registry.npmjs.org/p-try/-/p-try-2.2.0.tgz",
      "integrity": "sha512-R4nPAVTAU0B9D35/Gk3uJf/7XYbQcyohSKdvAxIRSNghFl4e71hVoGnBNQz9cWaXxO2I10KTC+3jMdvvoKw6dQ==",
      "dev": true
    },
    "parse-uri": {
      "version": "1.0.0",
      "resolved": "https://registry.npmjs.org/parse-uri/-/parse-uri-1.0.0.tgz",
      "integrity": "sha1-KHLcwi8aeXrN4Vg9igrClVLdrCA=",
      "dev": true
    },
    "path-exists": {
      "version": "4.0.0",
      "resolved": "https://registry.npmjs.org/path-exists/-/path-exists-4.0.0.tgz",
      "integrity": "sha512-ak9Qy5Q7jYb2Wwcey5Fpvg2KoAc/ZIhLSLOSBmRmygPsGwkVVt0fZa0qrtMz+m6tJTAHfZQ8FnmB4MG4LWy7/w==",
      "dev": true
    },
    "path-is-absolute": {
      "version": "1.0.1",
      "resolved": "https://registry.npmjs.org/path-is-absolute/-/path-is-absolute-1.0.1.tgz",
      "integrity": "sha1-F0uSaHNVNP+8es5r9TpanhtcX18=",
      "dev": true
    },
    "path-parse": {
      "version": "1.0.6",
      "resolved": "https://registry.npmjs.org/path-parse/-/path-parse-1.0.6.tgz",
      "integrity": "sha512-GSmOT2EbHrINBf9SR7CDELwlJ8AENk3Qn7OikK4nFYAu3Ote2+JYNVvkpAEQm3/TLNEJFD/xZJjzyxg3KBWOzw==",
      "dev": true
    },
    "pixi.js": {
      "version": "5.2.0",
      "resolved": "https://registry.npmjs.org/pixi.js/-/pixi.js-5.2.0.tgz",
      "integrity": "sha512-q4gxbTU51nrh8qxbplU6EVx2dnb9SiI9OeQOrQmtmCTpysJXAK5p9M2c3v5JRIgK8ZCL74y5vrwHaaB1ZQoPKw==",
      "dev": true,
      "requires": {
        "@pixi/accessibility": "^5.2.0",
        "@pixi/app": "^5.2.0",
        "@pixi/constants": "^5.2.0",
        "@pixi/core": "^5.2.0",
        "@pixi/display": "^5.2.0",
        "@pixi/extract": "^5.2.0",
        "@pixi/filter-alpha": "^5.2.0",
        "@pixi/filter-blur": "^5.2.0",
        "@pixi/filter-color-matrix": "^5.2.0",
        "@pixi/filter-displacement": "^5.2.0",
        "@pixi/filter-fxaa": "^5.2.0",
        "@pixi/filter-noise": "^5.2.0",
        "@pixi/graphics": "^5.2.0",
        "@pixi/interaction": "^5.2.0",
        "@pixi/loaders": "^5.2.0",
        "@pixi/math": "^5.2.0",
        "@pixi/mesh": "^5.2.0",
        "@pixi/mesh-extras": "^5.2.0",
        "@pixi/mixin-cache-as-bitmap": "^5.2.0",
        "@pixi/mixin-get-child-by-name": "^5.2.0",
        "@pixi/mixin-get-global-position": "^5.2.0",
        "@pixi/particles": "^5.2.0",
        "@pixi/polyfill": "^5.2.0",
        "@pixi/prepare": "^5.2.0",
        "@pixi/runner": "^5.2.0",
        "@pixi/settings": "^5.2.0",
        "@pixi/sprite": "^5.2.0",
        "@pixi/sprite-animated": "^5.2.0",
        "@pixi/sprite-tiling": "^5.2.0",
        "@pixi/spritesheet": "^5.2.0",
        "@pixi/text": "^5.2.0",
        "@pixi/text-bitmap": "^5.2.0",
        "@pixi/ticker": "^5.2.0",
        "@pixi/utils": "^5.2.0"
      }
    },
    "pkg-dir": {
      "version": "4.2.0",
      "resolved": "https://registry.npmjs.org/pkg-dir/-/pkg-dir-4.2.0.tgz",
      "integrity": "sha512-HRDzbaKjC+AOWVXxAU/x54COGeIv9eb+6CkDSQoNTt4XyWoIJvuPsXizxu/Fr23EiekbtZwmh1IcIG/l/a10GQ==",
      "dev": true,
      "requires": {
        "find-up": "^4.0.0"
      }
    },
    "prettier": {
      "version": "1.19.1",
      "resolved": "https://registry.npmjs.org/prettier/-/prettier-1.19.1.tgz",
      "integrity": "sha512-s7PoyDv/II1ObgQunCbB9PdLmUcBZcnWOcxDh7O0N/UwDEsHyqkW+Qh28jW+mVuCdx7gLB0BotYI1Y6uI9iyew==",
      "dev": true
    },
    "progress": {
      "version": "2.0.3",
      "resolved": "https://registry.npmjs.org/progress/-/progress-2.0.3.tgz",
      "integrity": "sha512-7PiHtLll5LdnKIMw100I+8xJXR5gW2QwWYkT6iJva0bXitZKa/XMrSbdmg3r2Xnaidz9Qumd0VPaMrZlF9V9sA==",
      "dev": true
    },
    "punycode": {
      "version": "1.3.2",
      "resolved": "https://registry.npmjs.org/punycode/-/punycode-1.3.2.tgz",
      "integrity": "sha1-llOgNvt8HuQjQvIyXM7v6jkmxI0=",
      "dev": true
    },
    "querystring": {
      "version": "0.2.0",
      "resolved": "https://registry.npmjs.org/querystring/-/querystring-0.2.0.tgz",
      "integrity": "sha1-sgmEkgO7Jd+CDadW50cAWHhSFiA=",
      "dev": true
    },
    "rechoir": {
      "version": "0.6.2",
      "resolved": "https://registry.npmjs.org/rechoir/-/rechoir-0.6.2.tgz",
      "integrity": "sha1-hSBLVNuoLVdC4oyWdW70OvUOM4Q=",
      "dev": true,
      "requires": {
        "resolve": "^1.1.6"
      }
    },
    "resolve": {
      "version": "1.12.0",
      "resolved": "https://registry.npmjs.org/resolve/-/resolve-1.12.0.tgz",
      "integrity": "sha512-B/dOmuoAik5bKcD6s6nXDCjzUKnaDvdkRyAk6rsmsKLipWj4797iothd7jmmUhWTfinVMU+wc56rYKsit2Qy4w==",
      "dev": true,
      "requires": {
        "path-parse": "^1.0.6"
      }
    },
    "resource-loader": {
      "version": "3.0.1",
      "resolved": "https://registry.npmjs.org/resource-loader/-/resource-loader-3.0.1.tgz",
      "integrity": "sha512-fBuCRbEHdLCI1eglzQhUv9Rrdcmqkydr1r6uHE2cYHvRBrcLXeSmbE/qI/urFt8rPr/IGxir3BUwM5kUK8XoyA==",
      "dev": true,
      "requires": {
        "mini-signals": "^1.2.0",
        "parse-uri": "^1.0.0"
      }
    },
    "rimraf": {
      "version": "3.0.0",
      "resolved": "https://registry.npmjs.org/rimraf/-/rimraf-3.0.0.tgz",
      "integrity": "sha512-NDGVxTsjqfunkds7CqsOiEnxln4Bo7Nddl3XhS4pXg5OzwkLqJ971ZVAAnB+DDLnF76N+VnDEiBHaVV8I06SUg==",
      "dev": true,
      "requires": {
        "glob": "^7.1.3"
      }
    },
    "rollup": {
      "version": "1.29.1",
      "resolved": "https://registry.npmjs.org/rollup/-/rollup-1.29.1.tgz",
      "integrity": "sha512-dGQ+b9d1FOX/gluiggTAVnTvzQZUEkCi/TwZcax7ujugVRHs0nkYJlV9U4hsifGEMojnO+jvEML2CJQ6qXgbHA==",
      "dev": true,
      "requires": {
        "@types/estree": "*",
        "@types/node": "*",
        "acorn": "^7.1.0"
      }
    },
    "rollup-plugin-typescript2": {
      "version": "0.25.3",
      "resolved": "https://registry.npmjs.org/rollup-plugin-typescript2/-/rollup-plugin-typescript2-0.25.3.tgz",
      "integrity": "sha512-ADkSaidKBovJmf5VBnZBZe+WzaZwofuvYdzGAKTN/J4hN7QJCFYAq7IrH9caxlru6T5qhX41PNFS1S4HqhsGQg==",
      "dev": true,
      "requires": {
        "find-cache-dir": "^3.0.0",
        "fs-extra": "8.1.0",
        "resolve": "1.12.0",
        "rollup-pluginutils": "2.8.1",
        "tslib": "1.10.0"
      }
    },
    "rollup-pluginutils": {
      "version": "2.8.1",
      "resolved": "https://registry.npmjs.org/rollup-pluginutils/-/rollup-pluginutils-2.8.1.tgz",
      "integrity": "sha512-J5oAoysWar6GuZo0s+3bZ6sVZAC0pfqKz68De7ZgDi5z63jOVZn1uJL/+z1jeKHNbGII8kAyHF5q8LnxSX5lQg==",
      "dev": true,
      "requires": {
        "estree-walker": "^0.6.1"
      }
    },
    "semver": {
      "version": "6.3.0",
      "resolved": "https://registry.npmjs.org/semver/-/semver-6.3.0.tgz",
      "integrity": "sha512-b39TBaTSfV6yBrapU89p5fKekE2m/NwnDocOVruQFS1/veMgdzuPcnOM34M6CwxW8jH/lxEa5rBoDeUwu5HHTw==",
      "dev": true
    },
    "shelljs": {
      "version": "0.8.3",
      "resolved": "https://registry.npmjs.org/shelljs/-/shelljs-0.8.3.tgz",
      "integrity": "sha512-fc0BKlAWiLpwZljmOvAOTE/gXawtCoNrP5oaY7KIaQbbyHeQVg01pSEuEGvGh3HEdBU4baCD7wQBwADmM/7f7A==",
      "dev": true,
      "requires": {
        "glob": "^7.0.0",
        "interpret": "^1.0.0",
        "rechoir": "^0.6.2"
      }
    },
    "source-map": {
      "version": "0.6.1",
      "resolved": "https://registry.npmjs.org/source-map/-/source-map-0.6.1.tgz",
      "integrity": "sha512-UjgapumWlbMhkBgzT7Ykc5YXUT46F0iKu8SGXq0bcwP5dz/h0Plj6enJqjz1Zbq2l5WaqYnrVbwWOWMyF3F47g==",
      "dev": true
    },
    "sprintf-js": {
      "version": "1.0.3",
      "resolved": "https://registry.npmjs.org/sprintf-js/-/sprintf-js-1.0.3.tgz",
      "integrity": "sha1-BOaSb2YolTVPPdAVIDYzuFcpfiw=",
      "dev": true
    },
    "supports-color": {
      "version": "5.5.0",
      "resolved": "https://registry.npmjs.org/supports-color/-/supports-color-5.5.0.tgz",
      "integrity": "sha512-QjVjwdXIt408MIiAqCX4oUKsgU2EqAGzs2Ppkm4aQYbjm+ZEWEcW4SfFNTr4uMNZma0ey4f5lgLrkB0aX0QMow==",
      "dev": true,
      "requires": {
        "has-flag": "^3.0.0"
      }
    },
    "tslib": {
      "version": "1.10.0",
      "resolved": "https://registry.npmjs.org/tslib/-/tslib-1.10.0.tgz",
      "integrity": "sha512-qOebF53frne81cf0S9B41ByenJ3/IuH8yJKngAX35CmiZySA0khhkovshKK+jGCaMnVomla7gVlIcc3EvKPbTQ==",
      "dev": true
    },
    "tslint": {
      "version": "6.0.0",
      "resolved": "https://registry.npmjs.org/tslint/-/tslint-6.0.0.tgz",
      "integrity": "sha512-9nLya8GBtlFmmFMW7oXXwoXS1NkrccqTqAtwXzdPV9e2mqSEvCki6iHL/Fbzi5oqbugshzgGPk7KBb2qNP1DSA==",
      "dev": true,
      "requires": {
        "@babel/code-frame": "^7.0.0",
        "builtin-modules": "^1.1.1",
        "chalk": "^2.3.0",
        "commander": "^2.12.1",
        "diff": "^4.0.1",
        "glob": "^7.1.1",
        "js-yaml": "^3.13.1",
        "minimatch": "^3.0.4",
        "mkdirp": "^0.5.1",
        "resolve": "^1.3.2",
        "semver": "^5.3.0",
        "tslib": "^1.10.0",
        "tsutils": "^2.29.0"
      },
      "dependencies": {
        "semver": {
          "version": "5.7.1",
          "resolved": "https://registry.npmjs.org/semver/-/semver-5.7.1.tgz",
          "integrity": "sha512-sauaDf/PZdVgrLTNYHRtpXa1iRiKcaebiKQ1BJdpQlWH2lCvexQdX55snPFyK7QzpudqbCI0qXFfOasHdyNDGQ==",
          "dev": true
        }
      }
    },
    "tslint-config-prettier": {
      "version": "1.18.0",
      "resolved": "https://registry.npmjs.org/tslint-config-prettier/-/tslint-config-prettier-1.18.0.tgz",
      "integrity": "sha512-xPw9PgNPLG3iKRxmK7DWr+Ea/SzrvfHtjFt5LBl61gk2UBG/DB9kCXRjv+xyIU1rUtnayLeMUVJBcMX8Z17nDg==",
      "dev": true
    },
    "tsutils": {
      "version": "2.29.0",
      "resolved": "https://registry.npmjs.org/tsutils/-/tsutils-2.29.0.tgz",
      "integrity": "sha512-g5JVHCIJwzfISaXpXE1qvNalca5Jwob6FjI4AoPlqMusJ6ftFE7IkkFoMhVLRgK+4Kx3gkzb8UZK5t5yTTvEmA==",
      "dev": true,
      "requires": {
        "tslib": "^1.8.1"
      }
    },
    "typedoc": {
      "version": "0.16.9",
      "resolved": "https://registry.npmjs.org/typedoc/-/typedoc-0.16.9.tgz",
      "integrity": "sha512-UvOGoy76yqwCXwxPgatwgXWfsQ3FczyZ6ZNLjhCPK+TsDir6LiU3YB6N9XZmPv36E+7LA860mnc8a0v6YADKFw==",
      "dev": true,
      "requires": {
        "@types/minimatch": "3.0.3",
        "fs-extra": "^8.1.0",
        "handlebars": "^4.7.2",
        "highlight.js": "^9.17.1",
        "lodash": "^4.17.15",
        "marked": "^0.8.0",
        "minimatch": "^3.0.0",
        "progress": "^2.0.3",
        "shelljs": "^0.8.3",
        "typedoc-default-themes": "^0.7.2",
        "typescript": "3.7.x"
      }
    },
    "typedoc-default-themes": {
      "version": "0.7.2",
      "resolved": "https://registry.npmjs.org/typedoc-default-themes/-/typedoc-default-themes-0.7.2.tgz",
      "integrity": "sha512-fiFKlFO6VTqjcno8w6WpTsbCgXmfPHVjnLfYkmByZE7moaz+E2DSpAT+oHtDHv7E0BM5kAhPrHJELP2J2Y2T9A==",
      "dev": true,
      "requires": {
        "backbone": "^1.4.0",
        "jquery": "^3.4.1",
        "lunr": "^2.3.8",
        "underscore": "^1.9.1"
      }
    },
    "typescript": {
      "version": "3.7.5",
      "resolved": "https://registry.npmjs.org/typescript/-/typescript-3.7.5.tgz",
      "integrity": "sha512-/P5lkRXkWHNAbcJIiHPfRoKqyd7bsyCma1hZNUGfn20qm64T6ZBlrzprymeu918H+mB/0rIg2gGK/BXkhhYgBw==",
      "dev": true
    },
    "uglify-js": {
      "version": "3.7.6",
      "resolved": "https://registry.npmjs.org/uglify-js/-/uglify-js-3.7.6.tgz",
      "integrity": "sha512-yYqjArOYSxvqeeiYH2VGjZOqq6SVmhxzaPjJC1W2F9e+bqvFL9QXQ2osQuKUFjM2hGjKG2YclQnRKWQSt/nOTQ==",
      "dev": true,
      "optional": true,
      "requires": {
        "commander": "~2.20.3",
        "source-map": "~0.6.1"
      }
    },
    "underscore": {
      "version": "1.9.2",
      "resolved": "https://registry.npmjs.org/underscore/-/underscore-1.9.2.tgz",
      "integrity": "sha512-D39qtimx0c1fI3ya1Lnhk3E9nONswSKhnffBI0gME9C99fYOkNi04xs8K6pePLhvl1frbDemkaBQ5ikWllR2HQ==",
      "dev": true
    },
    "universalify": {
      "version": "0.1.2",
      "resolved": "https://registry.npmjs.org/universalify/-/universalify-0.1.2.tgz",
      "integrity": "sha512-rBJeI5CXAlmy1pV+617WB9J63U6XcazHHF2f2dbJix4XzpUF0RS3Zbj0FGIOCAva5P/d/GBOYaACQ1w+0azUkg==",
      "dev": true
    },
    "url": {
      "version": "0.11.0",
      "resolved": "https://registry.npmjs.org/url/-/url-0.11.0.tgz",
      "integrity": "sha1-ODjpfPxgUh63PFJajlW/3Z4uKPE=",
      "dev": true,
      "requires": {
        "punycode": "1.3.2",
        "querystring": "0.2.0"
      }
    },
    "wordwrap": {
      "version": "0.0.3",
      "resolved": "https://registry.npmjs.org/wordwrap/-/wordwrap-0.0.3.tgz",
      "integrity": "sha1-o9XabNXAvAAI03I0u68b7WMFkQc=",
      "dev": true
    },
    "wrappy": {
      "version": "1.0.2",
      "resolved": "https://registry.npmjs.org/wrappy/-/wrappy-1.0.2.tgz",
      "integrity": "sha1-tSQ9jz7BqjXxNkYFvA0QNuMKtp8=",
      "dev": true
    }
  }
}
